// !$*UTF8*$!
{
	archiveVersion = 1;
	classes = {
	};
	objectVersion = 56;
	objects = {

/* Begin PBXBuildFile section */
		3BB8BF672A922FA500DF8FE2 /* AppDelegate.swift in Sources */ = {isa = PBXBuildFile; fileRef = 3BB8BF662A922FA500DF8FE2 /* AppDelegate.swift */; };
		3BB8BF692A922FA500DF8FE2 /* SceneDelegate.swift in Sources */ = {isa = PBXBuildFile; fileRef = 3BB8BF682A922FA500DF8FE2 /* SceneDelegate.swift */; };
		3BB8BF6B2A922FA500DF8FE2 /* ViewController.swift in Sources */ = {isa = PBXBuildFile; fileRef = 3BB8BF6A2A922FA500DF8FE2 /* ViewController.swift */; };
		3BB8BF6E2A922FA500DF8FE2 /* Main.storyboard in Resources */ = {isa = PBXBuildFile; fileRef = 3BB8BF6C2A922FA500DF8FE2 /* Main.storyboard */; };
		3BB8BF702A922FA600DF8FE2 /* Assets.xcassets in Resources */ = {isa = PBXBuildFile; fileRef = 3BB8BF6F2A922FA600DF8FE2 /* Assets.xcassets */; };
		3BB8BF732A922FA600DF8FE2 /* LaunchScreen.storyboard in Resources */ = {isa = PBXBuildFile; fileRef = 3BB8BF712A922FA600DF8FE2 /* LaunchScreen.storyboard */; };
		3BB8BF7E2A922FA600DF8FE2 /* viewcodingTests.swift in Sources */ = {isa = PBXBuildFile; fileRef = 3BB8BF7D2A922FA600DF8FE2 /* viewcodingTests.swift */; };
		3BB8BF882A922FA600DF8FE2 /* viewcodingUITests.swift in Sources */ = {isa = PBXBuildFile; fileRef = 3BB8BF872A922FA600DF8FE2 /* viewcodingUITests.swift */; };
		3BB8BF8A2A922FA600DF8FE2 /* viewcodingUITestsLaunchTests.swift in Sources */ = {isa = PBXBuildFile; fileRef = 3BB8BF892A922FA600DF8FE2 /* viewcodingUITestsLaunchTests.swift */; };
/* End PBXBuildFile section */

/* Begin PBXContainerItemProxy section */
		3BB8BF7A2A922FA600DF8FE2 /* PBXContainerItemProxy */ = {
			isa = PBXContainerItemProxy;
			containerPortal = 3BB8BF5B2A922FA500DF8FE2 /* Project object */;
			proxyType = 1;
			remoteGlobalIDString = 3BB8BF622A922FA500DF8FE2;
			remoteInfo = viewcoding;
		};
		3BB8BF842A922FA600DF8FE2 /* PBXContainerItemProxy */ = {
			isa = PBXContainerItemProxy;
			containerPortal = 3BB8BF5B2A922FA500DF8FE2 /* Project object */;
			proxyType = 1;
			remoteGlobalIDString = 3BB8BF622A922FA500DF8FE2;
			remoteInfo = viewcoding;
		};
/* End PBXContainerItemProxy section */

/* Begin PBXFileReference section */
		3BB8BF632A922FA500DF8FE2 /* viewcoding.app */ = {isa = PBXFileReference; explicitFileType = wrapper.application; includeInIndex = 0; path = viewcoding.app; sourceTree = BUILT_PRODUCTS_DIR; };
		3BB8BF662A922FA500DF8FE2 /* AppDelegate.swift */ = {isa = PBXFileReference; lastKnownFileType = sourcecode.swift; path = AppDelegate.swift; sourceTree = "<group>"; };
		3BB8BF682A922FA500DF8FE2 /* SceneDelegate.swift */ = {isa = PBXFileReference; lastKnownFileType = sourcecode.swift; path = SceneDelegate.swift; sourceTree = "<group>"; };
		3BB8BF6A2A922FA500DF8FE2 /* ViewController.swift */ = {isa = PBXFileReference; lastKnownFileType = sourcecode.swift; name = ViewController.swift; path = viewcoding/ViewController.swift; sourceTree = SOURCE_ROOT; };
		3BB8BF6D2A922FA500DF8FE2 /* Base */ = {isa = PBXFileReference; lastKnownFileType = file.storyboard; name = Base; path = Base.lproj/Main.storyboard; sourceTree = "<group>"; };
		3BB8BF6F2A922FA600DF8FE2 /* Assets.xcassets */ = {isa = PBXFileReference; lastKnownFileType = folder.assetcatalog; path = Assets.xcassets; sourceTree = "<group>"; };
		3BB8BF722A922FA600DF8FE2 /* Base */ = {isa = PBXFileReference; lastKnownFileType = file.storyboard; name = Base; path = Base.lproj/LaunchScreen.storyboard; sourceTree = "<group>"; };
		3BB8BF742A922FA600DF8FE2 /* Info.plist */ = {isa = PBXFileReference; lastKnownFileType = text.plist.xml; path = Info.plist; sourceTree = "<group>"; };
		3BB8BF792A922FA600DF8FE2 /* viewcodingTests.xctest */ = {isa = PBXFileReference; explicitFileType = wrapper.cfbundle; includeInIndex = 0; path = viewcodingTests.xctest; sourceTree = BUILT_PRODUCTS_DIR; };
		3BB8BF7D2A922FA600DF8FE2 /* viewcodingTests.swift */ = {isa = PBXFileReference; lastKnownFileType = sourcecode.swift; path = viewcodingTests.swift; sourceTree = "<group>"; };
		3BB8BF832A922FA600DF8FE2 /* viewcodingUITests.xctest */ = {isa = PBXFileReference; explicitFileType = wrapper.cfbundle; includeInIndex = 0; path = viewcodingUITests.xctest; sourceTree = BUILT_PRODUCTS_DIR; };
		3BB8BF872A922FA600DF8FE2 /* viewcodingUITests.swift */ = {isa = PBXFileReference; lastKnownFileType = sourcecode.swift; path = viewcodingUITests.swift; sourceTree = "<group>"; };
		3BB8BF892A922FA600DF8FE2 /* viewcodingUITestsLaunchTests.swift */ = {isa = PBXFileReference; lastKnownFileType = sourcecode.swift; path = viewcodingUITestsLaunchTests.swift; sourceTree = "<group>"; };
/* End PBXFileReference section */

/* Begin PBXFrameworksBuildPhase section */
		3BB8BF602A922FA500DF8FE2 /* Frameworks */ = {
			isa = PBXFrameworksBuildPhase;
			buildActionMask = 2147483647;
			files = (
			);
			runOnlyForDeploymentPostprocessing = 0;
		};
		3BB8BF762A922FA600DF8FE2 /* Frameworks */ = {
			isa = PBXFrameworksBuildPhase;
			buildActionMask = 2147483647;
			files = (
			);
			runOnlyForDeploymentPostprocessing = 0;
		};
		3BB8BF802A922FA600DF8FE2 /* Frameworks */ = {
			isa = PBXFrameworksBuildPhase;
			buildActionMask = 2147483647;
			files = (
			);
			runOnlyForDeploymentPostprocessing = 0;
		};
/* End PBXFrameworksBuildPhase section */

/* Begin PBXGroup section */
		3BB8BF5A2A922FA500DF8FE2 = {
			isa = PBXGroup;
			children = (
				3BB8BF652A922FA500DF8FE2 /* viewcoding */,
				3BB8BF7C2A922FA600DF8FE2 /* viewcodingTests */,
				3BB8BF862A922FA600DF8FE2 /* viewcodingUITests */,
				3BB8BF642A922FA500DF8FE2 /* Products */,
			);
			sourceTree = "<group>";
		};
		3BB8BF642A922FA500DF8FE2 /* Products */ = {
			isa = PBXGroup;
			children = (
				3BB8BF632A922FA500DF8FE2 /* viewcoding.app */,
				3BB8BF792A922FA600DF8FE2 /* viewcodingTests.xctest */,
				3BB8BF832A922FA600DF8FE2 /* viewcodingUITests.xctest */,
			);
			name = Products;
			sourceTree = "<group>";
		};
		3BB8BF652A922FA500DF8FE2 /* viewcoding */ = {
			isa = PBXGroup;
			children = (
				3BB8BF662A922FA500DF8FE2 /* AppDelegate.swift */,
				3BB8BF682A922FA500DF8FE2 /* SceneDelegate.swift */,
				3BB8BF6A2A922FA500DF8FE2 /* ViewController.swift */,
				3BB8BF6C2A922FA500DF8FE2 /* Main.storyboard */,
				3BB8BF6F2A922FA600DF8FE2 /* Assets.xcassets */,
				3BB8BF712A922FA600DF8FE2 /* LaunchScreen.storyboard */,
				3BB8BF742A922FA600DF8FE2 /* Info.plist */,
			);
			path = viewcoding;
			sourceTree = "<group>";
		};
		3BB8BF7C2A922FA600DF8FE2 /* viewcodingTests */ = {
			isa = PBXGroup;
			children = (
				3BB8BF7D2A922FA600DF8FE2 /* viewcodingTests.swift */,
			);
			path = viewcodingTests;
			sourceTree = "<group>";
		};
		3BB8BF862A922FA600DF8FE2 /* viewcodingUITests */ = {
			isa = PBXGroup;
			children = (
				3BB8BF872A922FA600DF8FE2 /* viewcodingUITests.swift */,
				3BB8BF892A922FA600DF8FE2 /* viewcodingUITestsLaunchTests.swift */,
			);
			path = viewcodingUITests;
			sourceTree = "<group>";
		};
/* End PBXGroup section */

/* Begin PBXNativeTarget section */
		3BB8BF622A922FA500DF8FE2 /* viewcoding */ = {
			isa = PBXNativeTarget;
			buildConfigurationList = 3BB8BF8D2A922FA600DF8FE2 /* Build configuration list for PBXNativeTarget "viewcoding" */;
			buildPhases = (
				3BB8BF5F2A922FA500DF8FE2 /* Sources */,
				3BB8BF602A922FA500DF8FE2 /* Frameworks */,
				3BB8BF612A922FA500DF8FE2 /* Resources */,
			);
			buildRules = (
			);
			dependencies = (
			);
			name = viewcoding;
			productName = viewcoding;
			productReference = 3BB8BF632A922FA500DF8FE2 /* viewcoding.app */;
			productType = "com.apple.product-type.application";
		};
		3BB8BF782A922FA600DF8FE2 /* viewcodingTests */ = {
			isa = PBXNativeTarget;
			buildConfigurationList = 3BB8BF902A922FA600DF8FE2 /* Build configuration list for PBXNativeTarget "viewcodingTests" */;
			buildPhases = (
				3BB8BF752A922FA600DF8FE2 /* Sources */,
				3BB8BF762A922FA600DF8FE2 /* Frameworks */,
				3BB8BF772A922FA600DF8FE2 /* Resources */,
			);
			buildRules = (
			);
			dependencies = (
				3BB8BF7B2A922FA600DF8FE2 /* PBXTargetDependency */,
			);
			name = viewcodingTests;
			productName = viewcodingTests;
			productReference = 3BB8BF792A922FA600DF8FE2 /* viewcodingTests.xctest */;
			productType = "com.apple.product-type.bundle.unit-test";
		};
		3BB8BF822A922FA600DF8FE2 /* viewcodingUITests */ = {
			isa = PBXNativeTarget;
			buildConfigurationList = 3BB8BF932A922FA600DF8FE2 /* Build configuration list for PBXNativeTarget "viewcodingUITests" */;
			buildPhases = (
				3BB8BF7F2A922FA600DF8FE2 /* Sources */,
				3BB8BF802A922FA600DF8FE2 /* Frameworks */,
				3BB8BF812A922FA600DF8FE2 /* Resources */,
			);
			buildRules = (
			);
			dependencies = (
				3BB8BF852A922FA600DF8FE2 /* PBXTargetDependency */,
			);
			name = viewcodingUITests;
			productName = viewcodingUITests;
			productReference = 3BB8BF832A922FA600DF8FE2 /* viewcodingUITests.xctest */;
			productType = "com.apple.product-type.bundle.ui-testing";
		};
/* End PBXNativeTarget section */

/* Begin PBXProject section */
		3BB8BF5B2A922FA500DF8FE2 /* Project object */ = {
			isa = PBXProject;
			attributes = {
				BuildIndependentTargetsInParallel = 1;
				LastSwiftUpdateCheck = 1430;
				LastUpgradeCheck = 1430;
				TargetAttributes = {
					3BB8BF622A922FA500DF8FE2 = {
						CreatedOnToolsVersion = 14.3.1;
					};
					3BB8BF782A922FA600DF8FE2 = {
						CreatedOnToolsVersion = 14.3.1;
						TestTargetID = 3BB8BF622A922FA500DF8FE2;
					};
					3BB8BF822A922FA600DF8FE2 = {
						CreatedOnToolsVersion = 14.3.1;
						TestTargetID = 3BB8BF622A922FA500DF8FE2;
					};
				};
			};
			buildConfigurationList = 3BB8BF5E2A922FA500DF8FE2 /* Build configuration list for PBXProject "viewcoding" */;
			compatibilityVersion = "Xcode 14.0";
			developmentRegion = en;
			hasScannedForEncodings = 0;
			knownRegions = (
				en,
				Base,
			);
			mainGroup = 3BB8BF5A2A922FA500DF8FE2;
			productRefGroup = 3BB8BF642A922FA500DF8FE2 /* Products */;
			projectDirPath = "";
			projectRoot = "";
			targets = (
				3BB8BF622A922FA500DF8FE2 /* viewcoding */,
				3BB8BF782A922FA600DF8FE2 /* viewcodingTests */,
				3BB8BF822A922FA600DF8FE2 /* viewcodingUITests */,
			);
		};
/* End PBXProject section */

/* Begin PBXResourcesBuildPhase section */
		3BB8BF612A922FA500DF8FE2 /* Resources */ = {
			isa = PBXResourcesBuildPhase;
			buildActionMask = 2147483647;
			files = (
				3BB8BF732A922FA600DF8FE2 /* LaunchScreen.storyboard in Resources */,
				3BB8BF702A922FA600DF8FE2 /* Assets.xcassets in Resources */,
				3BB8BF6E2A922FA500DF8FE2 /* Main.storyboard in Resources */,
			);
			runOnlyForDeploymentPostprocessing = 0;
		};
		3BB8BF772A922FA600DF8FE2 /* Resources */ = {
			isa = PBXResourcesBuildPhase;
			buildActionMask = 2147483647;
			files = (
			);
			runOnlyForDeploymentPostprocessing = 0;
		};
		3BB8BF812A922FA600DF8FE2 /* Resources */ = {
			isa = PBXResourcesBuildPhase;
			buildActionMask = 2147483647;
			files = (
			);
			runOnlyForDeploymentPostprocessing = 0;
		};
/* End PBXResourcesBuildPhase section */

/* Begin PBXSourcesBuildPhase section */
		3BB8BF5F2A922FA500DF8FE2 /* Sources */ = {
			isa = PBXSourcesBuildPhase;
			buildActionMask = 2147483647;
			files = (
				3BB8BF6B2A922FA500DF8FE2 /* ViewController.swift in Sources */,
				3BB8BF672A922FA500DF8FE2 /* AppDelegate.swift in Sources */,
				3BB8BF692A922FA500DF8FE2 /* SceneDelegate.swift in Sources */,
			);
			runOnlyForDeploymentPostprocessing = 0;
		};
		3BB8BF752A922FA600DF8FE2 /* Sources */ = {
			isa = PBXSourcesBuildPhase;
			buildActionMask = 2147483647;
			files = (
				3BB8BF7E2A922FA600DF8FE2 /* viewcodingTests.swift in Sources */,
			);
			runOnlyForDeploymentPostprocessing = 0;
		};
		3BB8BF7F2A922FA600DF8FE2 /* Sources */ = {
			isa = PBXSourcesBuildPhase;
			buildActionMask = 2147483647;
			files = (
				3BB8BF882A922FA600DF8FE2 /* viewcodingUITests.swift in Sources */,
				3BB8BF8A2A922FA600DF8FE2 /* viewcodingUITestsLaunchTests.swift in Sources */,
			);
			runOnlyForDeploymentPostprocessing = 0;
		};
/* End PBXSourcesBuildPhase section */

/* Begin PBXTargetDependency section */
		3BB8BF7B2A922FA600DF8FE2 /* PBXTargetDependency */ = {
			isa = PBXTargetDependency;
			target = 3BB8BF622A922FA500DF8FE2 /* viewcoding */;
			targetProxy = 3BB8BF7A2A922FA600DF8FE2 /* PBXContainerItemProxy */;
		};
		3BB8BF852A922FA600DF8FE2 /* PBXTargetDependency */ = {
			isa = PBXTargetDependency;
			target = 3BB8BF622A922FA500DF8FE2 /* viewcoding */;
			targetProxy = 3BB8BF842A922FA600DF8FE2 /* PBXContainerItemProxy */;
		};
/* End PBXTargetDependency section */

/* Begin PBXVariantGroup section */
		3BB8BF6C2A922FA500DF8FE2 /* Main.storyboard */ = {
			isa = PBXVariantGroup;
			children = (
				3BB8BF6D2A922FA500DF8FE2 /* Base */,
			);
			name = Main.storyboard;
			sourceTree = "<group>";
		};
		3BB8BF712A922FA600DF8FE2 /* LaunchScreen.storyboard */ = {
			isa = PBXVariantGroup;
			children = (
				3BB8BF722A922FA600DF8FE2 /* Base */,
			);
			name = LaunchScreen.storyboard;
			sourceTree = "<group>";
		};
/* End PBXVariantGroup section */

/* Begin XCBuildConfiguration section */
		3BB8BF8B2A922FA600DF8FE2 /* Debug */ = {
			isa = XCBuildConfiguration;
			buildSettings = {
				ALWAYS_SEARCH_USER_PATHS = NO;
				CLANG_ANALYZER_NONNULL = YES;
				CLANG_ANALYZER_NUMBER_OBJECT_CONVERSION = YES_AGGRESSIVE;
				CLANG_CXX_LANGUAGE_STANDARD = "gnu++20";
				CLANG_ENABLE_MODULES = YES;
				CLANG_ENABLE_OBJC_ARC = YES;
				CLANG_ENABLE_OBJC_WEAK = YES;
				CLANG_WARN_BLOCK_CAPTURE_AUTORELEASING = YES;
				CLANG_WARN_BOOL_CONVERSION = YES;
				CLANG_WARN_COMMA = YES;
				CLANG_WARN_CONSTANT_CONVERSION = YES;
				CLANG_WARN_DEPRECATED_OBJC_IMPLEMENTATIONS = YES;
				CLANG_WARN_DIRECT_OBJC_ISA_USAGE = YES_ERROR;
				CLANG_WARN_DOCUMENTATION_COMMENTS = YES;
				CLANG_WARN_EMPTY_BODY = YES;
				CLANG_WARN_ENUM_CONVERSION = YES;
				CLANG_WARN_INFINITE_RECURSION = YES;
				CLANG_WARN_INT_CONVERSION = YES;
				CLANG_WARN_NON_LITERAL_NULL_CONVERSION = YES;
				CLANG_WARN_OBJC_IMPLICIT_RETAIN_SELF = YES;
				CLANG_WARN_OBJC_LITERAL_CONVERSION = YES;
				CLANG_WARN_OBJC_ROOT_CLASS = YES_ERROR;
				CLANG_WARN_QUOTED_INCLUDE_IN_FRAMEWORK_HEADER = YES;
				CLANG_WARN_RANGE_LOOP_ANALYSIS = YES;
				CLANG_WARN_STRICT_PROTOTYPES = YES;
				CLANG_WARN_SUSPICIOUS_MOVE = YES;
				CLANG_WARN_UNGUARDED_AVAILABILITY = YES_AGGRESSIVE;
				CLANG_WARN_UNREACHABLE_CODE = YES;
				CLANG_WARN__DUPLICATE_METHOD_MATCH = YES;
				COPY_PHASE_STRIP = NO;
				DEBUG_INFORMATION_FORMAT = dwarf;
				ENABLE_STRICT_OBJC_MSGSEND = YES;
				ENABLE_TESTABILITY = YES;
				GCC_C_LANGUAGE_STANDARD = gnu11;
				GCC_DYNAMIC_NO_PIC = NO;
				GCC_NO_COMMON_BLOCKS = YES;
				GCC_OPTIMIZATION_LEVEL = 0;
				GCC_PREPROCESSOR_DEFINITIONS = (
					"DEBUG=1",
					"$(inherited)",
				);
				GCC_WARN_64_TO_32_BIT_CONVERSION = YES;
				GCC_WARN_ABOUT_RETURN_TYPE = YES_ERROR;
				GCC_WARN_UNDECLARED_SELECTOR = YES;
				GCC_WARN_UNINITIALIZED_AUTOS = YES_AGGRESSIVE;
				GCC_WARN_UNUSED_FUNCTION = YES;
				GCC_WARN_UNUSED_VARIABLE = YES;
				IPHONEOS_DEPLOYMENT_TARGET = 16.4;
				MTL_ENABLE_DEBUG_INFO = INCLUDE_SOURCE;
				MTL_FAST_MATH = YES;
				ONLY_ACTIVE_ARCH = YES;
				SDKROOT = iphoneos;
				SWIFT_ACTIVE_COMPILATION_CONDITIONS = DEBUG;
				SWIFT_OPTIMIZATION_LEVEL = "-Onone";
			};
			name = Debug;
		};
		3BB8BF8C2A922FA600DF8FE2 /* Release */ = {
			isa = XCBuildConfiguration;
			buildSettings = {
				ALWAYS_SEARCH_USER_PATHS = NO;
				CLANG_ANALYZER_NONNULL = YES;
				CLANG_ANALYZER_NUMBER_OBJECT_CONVERSION = YES_AGGRESSIVE;
				CLANG_CXX_LANGUAGE_STANDARD = "gnu++20";
				CLANG_ENABLE_MODULES = YES;
				CLANG_ENABLE_OBJC_ARC = YES;
				CLANG_ENABLE_OBJC_WEAK = YES;
				CLANG_WARN_BLOCK_CAPTURE_AUTORELEASING = YES;
				CLANG_WARN_BOOL_CONVERSION = YES;
				CLANG_WARN_COMMA = YES;
				CLANG_WARN_CONSTANT_CONVERSION = YES;
				CLANG_WARN_DEPRECATED_OBJC_IMPLEMENTATIONS = YES;
				CLANG_WARN_DIRECT_OBJC_ISA_USAGE = YES_ERROR;
				CLANG_WARN_DOCUMENTATION_COMMENTS = YES;
				CLANG_WARN_EMPTY_BODY = YES;
				CLANG_WARN_ENUM_CONVERSION = YES;
				CLANG_WARN_INFINITE_RECURSION = YES;
				CLANG_WARN_INT_CONVERSION = YES;
				CLANG_WARN_NON_LITERAL_NULL_CONVERSION = YES;
				CLANG_WARN_OBJC_IMPLICIT_RETAIN_SELF = YES;
				CLANG_WARN_OBJC_LITERAL_CONVERSION = YES;
				CLANG_WARN_OBJC_ROOT_CLASS = YES_ERROR;
				CLANG_WARN_QUOTED_INCLUDE_IN_FRAMEWORK_HEADER = YES;
				CLANG_WARN_RANGE_LOOP_ANALYSIS = YES;
				CLANG_WARN_STRICT_PROTOTYPES = YES;
				CLANG_WARN_SUSPICIOUS_MOVE = YES;
				CLANG_WARN_UNGUARDED_AVAILABILITY = YES_AGGRESSIVE;
				CLANG_WARN_UNREACHABLE_CODE = YES;
				CLANG_WARN__DUPLICATE_METHOD_MATCH = YES;
				COPY_PHASE_STRIP = NO;
				DEBUG_INFORMATION_FORMAT = "dwarf-with-dsym";
				ENABLE_NS_ASSERTIONS = NO;
				ENABLE_STRICT_OBJC_MSGSEND = YES;
				GCC_C_LANGUAGE_STANDARD = gnu11;
				GCC_NO_COMMON_BLOCKS = YES;
				GCC_WARN_64_TO_32_BIT_CONVERSION = YES;
				GCC_WARN_ABOUT_RETURN_TYPE = YES_ERROR;
				GCC_WARN_UNDECLARED_SELECTOR = YES;
				GCC_WARN_UNINITIALIZED_AUTOS = YES_AGGRESSIVE;
				GCC_WARN_UNUSED_FUNCTION = YES;
				GCC_WARN_UNUSED_VARIABLE = YES;
				IPHONEOS_DEPLOYMENT_TARGET = 16.4;
				MTL_ENABLE_DEBUG_INFO = NO;
				MTL_FAST_MATH = YES;
				SDKROOT = iphoneos;
				SWIFT_COMPILATION_MODE = wholemodule;
				SWIFT_OPTIMIZATION_LEVEL = "-O";
				VALIDATE_PRODUCT = YES;
			};
			name = Release;
		};
		3BB8BF8E2A922FA600DF8FE2 /* Debug */ = {
			isa = XCBuildConfiguration;
			buildSettings = {
				ASSETCATALOG_COMPILER_APPICON_NAME = AppIcon;
				ASSETCATALOG_COMPILER_GLOBAL_ACCENT_COLOR_NAME = AccentColor;
				CODE_SIGN_STYLE = Automatic;
				CURRENT_PROJECT_VERSION = 1;
				DEVELOPMENT_TEAM = J2T55ML92H;
				GENERATE_INFOPLIST_FILE = YES;
				INFOPLIST_FILE = viewcoding/Info.plist;
				INFOPLIST_KEY_UIApplicationSupportsIndirectInputEvents = YES;
				INFOPLIST_KEY_UILaunchStoryboardName = LaunchScreen;
				INFOPLIST_KEY_UIMainStoryboardFile = Main;
				INFOPLIST_KEY_UISupportedInterfaceOrientations_iPad = "UIInterfaceOrientationPortrait UIInterfaceOrientationPortraitUpsideDown UIInterfaceOrientationLandscapeLeft UIInterfaceOrientationLandscapeRight";
				INFOPLIST_KEY_UISupportedInterfaceOrientations_iPhone = "UIInterfaceOrientationPortrait UIInterfaceOrientationLandscapeLeft UIInterfaceOrientationLandscapeRight";
				LD_RUNPATH_SEARCH_PATHS = (
					"$(inherited)",
					"@executable_path/Frameworks",
				);
				MARKETING_VERSION = 1.0;
				PRODUCT_BUNDLE_IDENTIFIER = site.tunckankilic.viewcoding;
				PRODUCT_NAME = "$(TARGET_NAME)";
				SWIFT_EMIT_LOC_STRINGS = YES;
				SWIFT_VERSION = 5.0;
				TARGETED_DEVICE_FAMILY = "1,2";
			};
			name = Debug;
		};
		3BB8BF8F2A922FA600DF8FE2 /* Release */ = {
			isa = XCBuildConfiguration;
			buildSettings = {
				ASSETCATALOG_COMPILER_APPICON_NAME = AppIcon;
				ASSETCATALOG_COMPILER_GLOBAL_ACCENT_COLOR_NAME = AccentColor;
				CODE_SIGN_STYLE = Automatic;
				CURRENT_PROJECT_VERSION = 1;
				DEVELOPMENT_TEAM = J2T55ML92H;
				GENERATE_INFOPLIST_FILE = YES;
				INFOPLIST_FILE = viewcoding/Info.plist;
				INFOPLIST_KEY_UIApplicationSupportsIndirectInputEvents = YES;
				INFOPLIST_KEY_UILaunchStoryboardName = LaunchScreen;
				INFOPLIST_KEY_UIMainStoryboardFile = Main;
				INFOPLIST_KEY_UISupportedInterfaceOrientations_iPad = "UIInterfaceOrientationPortrait UIInterfaceOrientationPortraitUpsideDown UIInterfaceOrientationLandscapeLeft UIInterfaceOrientationLandscapeRight";
				INFOPLIST_KEY_UISupportedInterfaceOrientations_iPhone = "UIInterfaceOrientationPortrait UIInterfaceOrientationLandscapeLeft UIInterfaceOrientationLandscapeRight";
				LD_RUNPATH_SEARCH_PATHS = (
					"$(inherited)",
					"@executable_path/Frameworks",
				);
				MARKETING_VERSION = 1.0;
				PRODUCT_BUNDLE_IDENTIFIER = site.tunckankilic.viewcoding;
				PRODUCT_NAME = "$(TARGET_NAME)";
				SWIFT_EMIT_LOC_STRINGS = YES;
				SWIFT_VERSION = 5.0;
				TARGETED_DEVICE_FAMILY = "1,2";
			};
			name = Release;
		};
		3BB8BF912A922FA600DF8FE2 /* Debug */ = {
			isa = XCBuildConfiguration;
			buildSettings = {
				ALWAYS_EMBED_SWIFT_STANDARD_LIBRARIES = YES;
				BUNDLE_LOADER = "$(TEST_HOST)";
				CODE_SIGN_STYLE = Automatic;
				CURRENT_PROJECT_VERSION = 1;
				DEVELOPMENT_TEAM = J2T55ML92H;
				GENERATE_INFOPLIST_FILE = YES;
				IPHONEOS_DEPLOYMENT_TARGET = 16.4;
				MARKETING_VERSION = 1.0;
				PRODUCT_BUNDLE_IDENTIFIER = site.tunckankilic.viewcodingTests;
				PRODUCT_NAME = "$(TARGET_NAME)";
				SWIFT_EMIT_LOC_STRINGS = NO;
				SWIFT_VERSION = 5.0;
				TARGETED_DEVICE_FAMILY = "1,2";
				TEST_HOST = "$(BUILT_PRODUCTS_DIR)/viewcoding.app/$(BUNDLE_EXECUTABLE_FOLDER_PATH)/viewcoding";
			};
			name = Debug;
		};
		3BB8BF922A922FA600DF8FE2 /* Release */ = {
			isa = XCBuildConfiguration;
			buildSettings = {
				ALWAYS_EMBED_SWIFT_STANDARD_LIBRARIES = YES;
				BUNDLE_LOADER = "$(TEST_HOST)";
				CODE_SIGN_STYLE = Automatic;
				CURRENT_PROJECT_VERSION = 1;
				DEVELOPMENT_TEAM = J2T55ML92H;
				GENERATE_INFOPLIST_FILE = YES;
				IPHONEOS_DEPLOYMENT_TARGET = 16.4;
				MARKETING_VERSION = 1.0;
				PRODUCT_BUNDLE_IDENTIFIER = site.tunckankilic.viewcodingTests;
				PRODUCT_NAME = "$(TARGET_NAME)";
				SWIFT_EMIT_LOC_STRINGS = NO;
				SWIFT_VERSION = 5.0;
				TARGETED_DEVICE_FAMILY = "1,2";
				TEST_HOST = "$(BUILT_PRODUCTS_DIR)/viewcoding.app/$(BUNDLE_EXECUTABLE_FOLDER_PATH)/viewcoding";
			};
			name = Release;
		};
		3BB8BF942A922FA600DF8FE2 /* Debug */ = {
			isa = XCBuildConfiguration;
			buildSettings = {
				ALWAYS_EMBED_SWIFT_STANDARD_LIBRARIES = YES;
				CODE_SIGN_STYLE = Automatic;
				CURRENT_PROJECT_VERSION = 1;
				DEVELOPMENT_TEAM = J2T55ML92H;
				GENERATE_INFOPLIST_FILE = YES;
				MARKETING_VERSION = 1.0;
				PRODUCT_BUNDLE_IDENTIFIER = site.tunckankilic.viewcodingUITests;
				PRODUCT_NAME = "$(TARGET_NAME)";
				SWIFT_EMIT_LOC_STRINGS = NO;
				SWIFT_VERSION = 5.0;
				TARGETED_DEVICE_FAMILY = "1,2";
				TEST_TARGET_NAME = viewcoding;
			};
			name = Debug;
		};
		3BB8BF952A922FA600DF8FE2 /* Release */ = {
			isa = XCBuildConfiguration;
			buildSettings = {
				ALWAYS_EMBED_SWIFT_STANDARD_LIBRARIES = YES;
				CODE_SIGN_STYLE = Automatic;
				CURRENT_PROJECT_VERSION = 1;
				DEVELOPMENT_TEAM = J2T55ML92H;
				GENERATE_INFOPLIST_FILE = YES;
				MARKETING_VERSION = 1.0;
				PRODUCT_BUNDLE_IDENTIFIER = site.tunckankilic.viewcodingUITests;
				PRODUCT_NAME = "$(TARGET_NAME)";
				SWIFT_EMIT_LOC_STRINGS = NO;
				SWIFT_VERSION = 5.0;
				TARGETED_DEVICE_FAMILY = "1,2";
				TEST_TARGET_NAME = viewcoding;
			};
			name = Release;
		};
/* End XCBuildConfiguration section */

/* Begin XCConfigurationList section */
		3BB8BF5E2A922FA500DF8FE2 /* Build configuration list for PBXProject "viewcoding" */ = {
			isa = XCConfigurationList;
			buildConfigurations = (
				3BB8BF8B2A922FA600DF8FE2 /* Debug */,
				3BB8BF8C2A922FA600DF8FE2 /* Release */,
			);
			defaultConfigurationIsVisible = 0;
			defaultConfigurationName = Release;
		};
		3BB8BF8D2A922FA600DF8FE2 /* Build configuration list for PBXNativeTarget "viewcoding" */ = {
			isa = XCConfigurationList;
			buildConfigurations = (
				3BB8BF8E2A922FA600DF8FE2 /* Debug */,
				3BB8BF8F2A922FA600DF8FE2 /* Release */,
			);
			defaultConfigurationIsVisible = 0;
			defaultConfigurationName = Release;
		};
		3BB8BF902A922FA600DF8FE2 /* Build configuration list for PBXNativeTarget "viewcodingTests" */ = {
			isa = XCConfigurationList;
			buildConfigurations = (
				3BB8BF912A922FA600DF8FE2 /* Debug */,
				3BB8BF922A922FA600DF8FE2 /* Release */,
			);
			defaultConfigurationIsVisible = 0;
			defaultConfigurationName = Release;
		};
		3BB8BF932A922FA600DF8FE2 /* Build configuration list for PBXNativeTarget "viewcodingUITests" */ = {
			isa = XCConfigurationList;
			buildConfigurations = (
				3BB8BF942A922FA600DF8FE2 /* Debug */,
				3BB8BF952A922FA600DF8FE2 /* Release */,
			);
			defaultConfigurationIsVisible = 0;
			defaultConfigurationName = Release;
		};
/* End XCConfigurationList section */
	};
	rootObject = 3BB8BF5B2A922FA500DF8FE2 /* Project object */;
}
