// !$*UTF8*$!
{
	archiveVersion = 1;
	classes = {
	};
	objectVersion = 56;
	objects = {

/* Begin PBXBuildFile section */
		3BB8BF2B2A922A4300DF8FE2 /* AppDelegate.swift in Sources */ = {isa = PBXBuildFile; fileRef = 3BB8BF2A2A922A4300DF8FE2 /* AppDelegate.swift */; };
		3BB8BF2D2A922A4300DF8FE2 /* SceneDelegate.swift in Sources */ = {isa = PBXBuildFile; fileRef = 3BB8BF2C2A922A4300DF8FE2 /* SceneDelegate.swift */; };
		3BB8BF2F2A922A4300DF8FE2 /* ViewController.swift in Sources */ = {isa = PBXBuildFile; fileRef = 3BB8BF2E2A922A4300DF8FE2 /* ViewController.swift */; };
		3BB8BF322A922A4300DF8FE2 /* Main.storyboard in Resources */ = {isa = PBXBuildFile; fileRef = 3BB8BF302A922A4300DF8FE2 /* Main.storyboard */; };
		3BB8BF342A922A4500DF8FE2 /* Assets.xcassets in Resources */ = {isa = PBXBuildFile; fileRef = 3BB8BF332A922A4500DF8FE2 /* Assets.xcassets */; };
		3BB8BF372A922A4500DF8FE2 /* LaunchScreen.storyboard in Resources */ = {isa = PBXBuildFile; fileRef = 3BB8BF352A922A4500DF8FE2 /* LaunchScreen.storyboard */; };
		3BB8BF422A922A4500DF8FE2 /* layoutpracticeTests.swift in Sources */ = {isa = PBXBuildFile; fileRef = 3BB8BF412A922A4500DF8FE2 /* layoutpracticeTests.swift */; };
		3BB8BF4C2A922A4500DF8FE2 /* layoutpracticeUITests.swift in Sources */ = {isa = PBXBuildFile; fileRef = 3BB8BF4B2A922A4500DF8FE2 /* layoutpracticeUITests.swift */; };
		3BB8BF4E2A922A4500DF8FE2 /* layoutpracticeUITestsLaunchTests.swift in Sources */ = {isa = PBXBuildFile; fileRef = 3BB8BF4D2A922A4500DF8FE2 /* layoutpracticeUITestsLaunchTests.swift */; };
/* End PBXBuildFile section */

/* Begin PBXContainerItemProxy section */
		3BB8BF3E2A922A4500DF8FE2 /* PBXContainerItemProxy */ = {
			isa = PBXContainerItemProxy;
			containerPortal = 3BB8BF1F2A922A4300DF8FE2 /* Project object */;
			proxyType = 1;
			remoteGlobalIDString = 3BB8BF262A922A4300DF8FE2;
			remoteInfo = layoutpractice;
		};
		3BB8BF482A922A4500DF8FE2 /* PBXContainerItemProxy */ = {
			isa = PBXContainerItemProxy;
			containerPortal = 3BB8BF1F2A922A4300DF8FE2 /* Project object */;
			proxyType = 1;
			remoteGlobalIDString = 3BB8BF262A922A4300DF8FE2;
			remoteInfo = layoutpractice;
		};
/* End PBXContainerItemProxy section */

/* Begin PBXFileReference section */
		3BB8BF272A922A4300DF8FE2 /* layoutpractice.app */ = {isa = PBXFileReference; explicitFileType = wrapper.application; includeInIndex = 0; path = layoutpractice.app; sourceTree = BUILT_PRODUCTS_DIR; };
		3BB8BF2A2A922A4300DF8FE2 /* AppDelegate.swift */ = {isa = PBXFileReference; lastKnownFileType = sourcecode.swift; path = AppDelegate.swift; sourceTree = "<group>"; };
		3BB8BF2C2A922A4300DF8FE2 /* SceneDelegate.swift */ = {isa = PBXFileReference; lastKnownFileType = sourcecode.swift; path = SceneDelegate.swift; sourceTree = "<group>"; };
		3BB8BF2E2A922A4300DF8FE2 /* ViewController.swift */ = {isa = PBXFileReference; lastKnownFileType = sourcecode.swift; path = ViewController.swift; sourceTree = "<group>"; };
		3BB8BF312A922A4300DF8FE2 /* Base */ = {isa = PBXFileReference; lastKnownFileType = file.storyboard; name = Base; path = Base.lproj/Main.storyboard; sourceTree = "<group>"; };
		3BB8BF332A922A4500DF8FE2 /* Assets.xcassets */ = {isa = PBXFileReference; lastKnownFileType = folder.assetcatalog; path = Assets.xcassets; sourceTree = "<group>"; };
		3BB8BF362A922A4500DF8FE2 /* Base */ = {isa = PBXFileReference; lastKnownFileType = file.storyboard; name = Base; path = Base.lproj/LaunchScreen.storyboard; sourceTree = "<group>"; };
		3BB8BF382A922A4500DF8FE2 /* Info.plist */ = {isa = PBXFileReference; lastKnownFileType = text.plist.xml; path = Info.plist; sourceTree = "<group>"; };
		3BB8BF3D2A922A4500DF8FE2 /* layoutpracticeTests.xctest */ = {isa = PBXFileReference; explicitFileType = wrapper.cfbundle; includeInIndex = 0; path = layoutpracticeTests.xctest; sourceTree = BUILT_PRODUCTS_DIR; };
		3BB8BF412A922A4500DF8FE2 /* layoutpracticeTests.swift */ = {isa = PBXFileReference; lastKnownFileType = sourcecode.swift; path = layoutpracticeTests.swift; sourceTree = "<group>"; };
		3BB8BF472A922A4500DF8FE2 /* layoutpracticeUITests.xctest */ = {isa = PBXFileReference; explicitFileType = wrapper.cfbundle; includeInIndex = 0; path = layoutpracticeUITests.xctest; sourceTree = BUILT_PRODUCTS_DIR; };
		3BB8BF4B2A922A4500DF8FE2 /* layoutpracticeUITests.swift */ = {isa = PBXFileReference; lastKnownFileType = sourcecode.swift; path = layoutpracticeUITests.swift; sourceTree = "<group>"; };
		3BB8BF4D2A922A4500DF8FE2 /* layoutpracticeUITestsLaunchTests.swift */ = {isa = PBXFileReference; lastKnownFileType = sourcecode.swift; path = layoutpracticeUITestsLaunchTests.swift; sourceTree = "<group>"; };
/* End PBXFileReference section */

/* Begin PBXFrameworksBuildPhase section */
		3BB8BF242A922A4300DF8FE2 /* Frameworks */ = {
			isa = PBXFrameworksBuildPhase;
			buildActionMask = 2147483647;
			files = (
			);
			runOnlyForDeploymentPostprocessing = 0;
		};
		3BB8BF3A2A922A4500DF8FE2 /* Frameworks */ = {
			isa = PBXFrameworksBuildPhase;
			buildActionMask = 2147483647;
			files = (
			);
			runOnlyForDeploymentPostprocessing = 0;
		};
		3BB8BF442A922A4500DF8FE2 /* Frameworks */ = {
			isa = PBXFrameworksBuildPhase;
			buildActionMask = 2147483647;
			files = (
			);
			runOnlyForDeploymentPostprocessing = 0;
		};
/* End PBXFrameworksBuildPhase section */

/* Begin PBXGroup section */
		3BB8BF1E2A922A4300DF8FE2 = {
			isa = PBXGroup;
			children = (
				3BB8BF292A922A4300DF8FE2 /* layoutpractice */,
				3BB8BF402A922A4500DF8FE2 /* layoutpracticeTests */,
				3BB8BF4A2A922A4500DF8FE2 /* layoutpracticeUITests */,
				3BB8BF282A922A4300DF8FE2 /* Products */,
			);
			sourceTree = "<group>";
		};
		3BB8BF282A922A4300DF8FE2 /* Products */ = {
			isa = PBXGroup;
			children = (
				3BB8BF272A922A4300DF8FE2 /* layoutpractice.app */,
				3BB8BF3D2A922A4500DF8FE2 /* layoutpracticeTests.xctest */,
				3BB8BF472A922A4500DF8FE2 /* layoutpracticeUITests.xctest */,
			);
			name = Products;
			sourceTree = "<group>";
		};
		3BB8BF292A922A4300DF8FE2 /* layoutpractice */ = {
			isa = PBXGroup;
			children = (
				3BB8BF2A2A922A4300DF8FE2 /* AppDelegate.swift */,
				3BB8BF2C2A922A4300DF8FE2 /* SceneDelegate.swift */,
				3BB8BF2E2A922A4300DF8FE2 /* ViewController.swift */,
				3BB8BF302A922A4300DF8FE2 /* Main.storyboard */,
				3BB8BF332A922A4500DF8FE2 /* Assets.xcassets */,
				3BB8BF352A922A4500DF8FE2 /* LaunchScreen.storyboard */,
				3BB8BF382A922A4500DF8FE2 /* Info.plist */,
			);
			path = layoutpractice;
			sourceTree = "<group>";
		};
		3BB8BF402A922A4500DF8FE2 /* layoutpracticeTests */ = {
			isa = PBXGroup;
			children = (
				3BB8BF412A922A4500DF8FE2 /* layoutpracticeTests.swift */,
			);
			path = layoutpracticeTests;
			sourceTree = "<group>";
		};
		3BB8BF4A2A922A4500DF8FE2 /* layoutpracticeUITests */ = {
			isa = PBXGroup;
			children = (
				3BB8BF4B2A922A4500DF8FE2 /* layoutpracticeUITests.swift */,
				3BB8BF4D2A922A4500DF8FE2 /* layoutpracticeUITestsLaunchTests.swift */,
			);
			path = layoutpracticeUITests;
			sourceTree = "<group>";
		};
/* End PBXGroup section */

/* Begin PBXNativeTarget section */
		3BB8BF262A922A4300DF8FE2 /* layoutpractice */ = {
			isa = PBXNativeTarget;
			buildConfigurationList = 3BB8BF512A922A4500DF8FE2 /* Build configuration list for PBXNativeTarget "layoutpractice" */;
			buildPhases = (
				3BB8BF232A922A4300DF8FE2 /* Sources */,
				3BB8BF242A922A4300DF8FE2 /* Frameworks */,
				3BB8BF252A922A4300DF8FE2 /* Resources */,
			);
			buildRules = (
			);
			dependencies = (
			);
			name = layoutpractice;
			productName = layoutpractice;
			productReference = 3BB8BF272A922A4300DF8FE2 /* layoutpractice.app */;
			productType = "com.apple.product-type.application";
		};
		3BB8BF3C2A922A4500DF8FE2 /* layoutpracticeTests */ = {
			isa = PBXNativeTarget;
			buildConfigurationList = 3BB8BF542A922A4500DF8FE2 /* Build configuration list for PBXNativeTarget "layoutpracticeTests" */;
			buildPhases = (
				3BB8BF392A922A4500DF8FE2 /* Sources */,
				3BB8BF3A2A922A4500DF8FE2 /* Frameworks */,
				3BB8BF3B2A922A4500DF8FE2 /* Resources */,
			);
			buildRules = (
			);
			dependencies = (
				3BB8BF3F2A922A4500DF8FE2 /* PBXTargetDependency */,
			);
			name = layoutpracticeTests;
			productName = layoutpracticeTests;
			productReference = 3BB8BF3D2A922A4500DF8FE2 /* layoutpracticeTests.xctest */;
			productType = "com.apple.product-type.bundle.unit-test";
		};
		3BB8BF462A922A4500DF8FE2 /* layoutpracticeUITests */ = {
			isa = PBXNativeTarget;
			buildConfigurationList = 3BB8BF572A922A4500DF8FE2 /* Build configuration list for PBXNativeTarget "layoutpracticeUITests" */;
			buildPhases = (
				3BB8BF432A922A4500DF8FE2 /* Sources */,
				3BB8BF442A922A4500DF8FE2 /* Frameworks */,
				3BB8BF452A922A4500DF8FE2 /* Resources */,
			);
			buildRules = (
			);
			dependencies = (
				3BB8BF492A922A4500DF8FE2 /* PBXTargetDependency */,
			);
			name = layoutpracticeUITests;
			productName = layoutpracticeUITests;
			productReference = 3BB8BF472A922A4500DF8FE2 /* layoutpracticeUITests.xctest */;
			productType = "com.apple.product-type.bundle.ui-testing";
		};
/* End PBXNativeTarget section */

/* Begin PBXProject section */
		3BB8BF1F2A922A4300DF8FE2 /* Project object */ = {
			isa = PBXProject;
			attributes = {
				BuildIndependentTargetsInParallel = 1;
				LastSwiftUpdateCheck = 1430;
				LastUpgradeCheck = 1430;
				TargetAttributes = {
					3BB8BF262A922A4300DF8FE2 = {
						CreatedOnToolsVersion = 14.3.1;
					};
					3BB8BF3C2A922A4500DF8FE2 = {
						CreatedOnToolsVersion = 14.3.1;
						TestTargetID = 3BB8BF262A922A4300DF8FE2;
					};
					3BB8BF462A922A4500DF8FE2 = {
						CreatedOnToolsVersion = 14.3.1;
						TestTargetID = 3BB8BF262A922A4300DF8FE2;
					};
				};
			};
			buildConfigurationList = 3BB8BF222A922A4300DF8FE2 /* Build configuration list for PBXProject "layoutpractice" */;
			compatibilityVersion = "Xcode 14.0";
			developmentRegion = en;
			hasScannedForEncodings = 0;
			knownRegions = (
				en,
				Base,
			);
			mainGroup = 3BB8BF1E2A922A4300DF8FE2;
			productRefGroup = 3BB8BF282A922A4300DF8FE2 /* Products */;
			projectDirPath = "";
			projectRoot = "";
			targets = (
				3BB8BF262A922A4300DF8FE2 /* layoutpractice */,
				3BB8BF3C2A922A4500DF8FE2 /* layoutpracticeTests */,
				3BB8BF462A922A4500DF8FE2 /* layoutpracticeUITests */,
			);
		};
/* End PBXProject section */

/* Begin PBXResourcesBuildPhase section */
		3BB8BF252A922A4300DF8FE2 /* Resources */ = {
			isa = PBXResourcesBuildPhase;
			buildActionMask = 2147483647;
			files = (
				3BB8BF372A922A4500DF8FE2 /* LaunchScreen.storyboard in Resources */,
				3BB8BF342A922A4500DF8FE2 /* Assets.xcassets in Resources */,
				3BB8BF322A922A4300DF8FE2 /* Main.storyboard in Resources */,
			);
			runOnlyForDeploymentPostprocessing = 0;
		};
		3BB8BF3B2A922A4500DF8FE2 /* Resources */ = {
			isa = PBXResourcesBuildPhase;
			buildActionMask = 2147483647;
			files = (
			);
			runOnlyForDeploymentPostprocessing = 0;
		};
		3BB8BF452A922A4500DF8FE2 /* Resources */ = {
			isa = PBXResourcesBuildPhase;
			buildActionMask = 2147483647;
			files = (
			);
			runOnlyForDeploymentPostprocessing = 0;
		};
/* End PBXResourcesBuildPhase section */

/* Begin PBXSourcesBuildPhase section */
		3BB8BF232A922A4300DF8FE2 /* Sources */ = {
			isa = PBXSourcesBuildPhase;
			buildActionMask = 2147483647;
			files = (
				3BB8BF2F2A922A4300DF8FE2 /* ViewController.swift in Sources */,
				3BB8BF2B2A922A4300DF8FE2 /* AppDelegate.swift in Sources */,
				3BB8BF2D2A922A4300DF8FE2 /* SceneDelegate.swift in Sources */,
			);
			runOnlyForDeploymentPostprocessing = 0;
		};
		3BB8BF392A922A4500DF8FE2 /* Sources */ = {
			isa = PBXSourcesBuildPhase;
			buildActionMask = 2147483647;
			files = (
				3BB8BF422A922A4500DF8FE2 /* layoutpracticeTests.swift in Sources */,
			);
			runOnlyForDeploymentPostprocessing = 0;
		};
		3BB8BF432A922A4500DF8FE2 /* Sources */ = {
			isa = PBXSourcesBuildPhase;
			buildActionMask = 2147483647;
			files = (
				3BB8BF4C2A922A4500DF8FE2 /* layoutpracticeUITests.swift in Sources */,
				3BB8BF4E2A922A4500DF8FE2 /* layoutpracticeUITestsLaunchTests.swift in Sources */,
			);
			runOnlyForDeploymentPostprocessing = 0;
		};
/* End PBXSourcesBuildPhase section */

/* Begin PBXTargetDependency section */
		3BB8BF3F2A922A4500DF8FE2 /* PBXTargetDependency */ = {
			isa = PBXTargetDependency;
			target = 3BB8BF262A922A4300DF8FE2 /* layoutpractice */;
			targetProxy = 3BB8BF3E2A922A4500DF8FE2 /* PBXContainerItemProxy */;
		};
		3BB8BF492A922A4500DF8FE2 /* PBXTargetDependency */ = {
			isa = PBXTargetDependency;
			target = 3BB8BF262A922A4300DF8FE2 /* layoutpractice */;
			targetProxy = 3BB8BF482A922A4500DF8FE2 /* PBXContainerItemProxy */;
		};
/* End PBXTargetDependency section */

/* Begin PBXVariantGroup section */
		3BB8BF302A922A4300DF8FE2 /* Main.storyboard */ = {
			isa = PBXVariantGroup;
			children = (
				3BB8BF312A922A4300DF8FE2 /* Base */,
			);
			name = Main.storyboard;
			sourceTree = "<group>";
		};
		3BB8BF352A922A4500DF8FE2 /* LaunchScreen.storyboard */ = {
			isa = PBXVariantGroup;
			children = (
				3BB8BF362A922A4500DF8FE2 /* Base */,
			);
			name = LaunchScreen.storyboard;
			sourceTree = "<group>";
		};
/* End PBXVariantGroup section */

/* Begin XCBuildConfiguration section */
		3BB8BF4F2A922A4500DF8FE2 /* Debug */ = {
			isa = XCBuildConfiguration;
			buildSettings = {
				ALWAYS_SEARCH_USER_PATHS = NO;
				CLANG_ANALYZER_NONNULL = YES;
				CLANG_ANALYZER_NUMBER_OBJECT_CONVERSION = YES_AGGRESSIVE;
				CLANG_CXX_LANGUAGE_STANDARD = "gnu++20";
				CLANG_ENABLE_MODULES = YES;
				CLANG_ENABLE_OBJC_ARC = YES;
				CLANG_ENABLE_OBJC_WEAK = YES;
				CLANG_WARN_BLOCK_CAPTURE_AUTORELEASING = YES;
				CLANG_WARN_BOOL_CONVERSION = YES;
				CLANG_WARN_COMMA = YES;
				CLANG_WARN_CONSTANT_CONVERSION = YES;
				CLANG_WARN_DEPRECATED_OBJC_IMPLEMENTATIONS = YES;
				CLANG_WARN_DIRECT_OBJC_ISA_USAGE = YES_ERROR;
				CLANG_WARN_DOCUMENTATION_COMMENTS = YES;
				CLANG_WARN_EMPTY_BODY = YES;
				CLANG_WARN_ENUM_CONVERSION = YES;
				CLANG_WARN_INFINITE_RECURSION = YES;
				CLANG_WARN_INT_CONVERSION = YES;
				CLANG_WARN_NON_LITERAL_NULL_CONVERSION = YES;
				CLANG_WARN_OBJC_IMPLICIT_RETAIN_SELF = YES;
				CLANG_WARN_OBJC_LITERAL_CONVERSION = YES;
				CLANG_WARN_OBJC_ROOT_CLASS = YES_ERROR;
				CLANG_WARN_QUOTED_INCLUDE_IN_FRAMEWORK_HEADER = YES;
				CLANG_WARN_RANGE_LOOP_ANALYSIS = YES;
				CLANG_WARN_STRICT_PROTOTYPES = YES;
				CLANG_WARN_SUSPICIOUS_MOVE = YES;
				CLANG_WARN_UNGUARDED_AVAILABILITY = YES_AGGRESSIVE;
				CLANG_WARN_UNREACHABLE_CODE = YES;
				CLANG_WARN__DUPLICATE_METHOD_MATCH = YES;
				COPY_PHASE_STRIP = NO;
				DEBUG_INFORMATION_FORMAT = dwarf;
				ENABLE_STRICT_OBJC_MSGSEND = YES;
				ENABLE_TESTABILITY = YES;
				GCC_C_LANGUAGE_STANDARD = gnu11;
				GCC_DYNAMIC_NO_PIC = NO;
				GCC_NO_COMMON_BLOCKS = YES;
				GCC_OPTIMIZATION_LEVEL = 0;
				GCC_PREPROCESSOR_DEFINITIONS = (
					"DEBUG=1",
					"$(inherited)",
				);
				GCC_WARN_64_TO_32_BIT_CONVERSION = YES;
				GCC_WARN_ABOUT_RETURN_TYPE = YES_ERROR;
				GCC_WARN_UNDECLARED_SELECTOR = YES;
				GCC_WARN_UNINITIALIZED_AUTOS = YES_AGGRESSIVE;
				GCC_WARN_UNUSED_FUNCTION = YES;
				GCC_WARN_UNUSED_VARIABLE = YES;
				IPHONEOS_DEPLOYMENT_TARGET = 16.4;
				MTL_ENABLE_DEBUG_INFO = INCLUDE_SOURCE;
				MTL_FAST_MATH = YES;
				ONLY_ACTIVE_ARCH = YES;
				SDKROOT = iphoneos;
				SWIFT_ACTIVE_COMPILATION_CONDITIONS = DEBUG;
				SWIFT_OPTIMIZATION_LEVEL = "-Onone";
			};
			name = Debug;
		};
		3BB8BF502A922A4500DF8FE2 /* Release */ = {
			isa = XCBuildConfiguration;
			buildSettings = {
				ALWAYS_SEARCH_USER_PATHS = NO;
				CLANG_ANALYZER_NONNULL = YES;
				CLANG_ANALYZER_NUMBER_OBJECT_CONVERSION = YES_AGGRESSIVE;
				CLANG_CXX_LANGUAGE_STANDARD = "gnu++20";
				CLANG_ENABLE_MODULES = YES;
				CLANG_ENABLE_OBJC_ARC = YES;
				CLANG_ENABLE_OBJC_WEAK = YES;
				CLANG_WARN_BLOCK_CAPTURE_AUTORELEASING = YES;
				CLANG_WARN_BOOL_CONVERSION = YES;
				CLANG_WARN_COMMA = YES;
				CLANG_WARN_CONSTANT_CONVERSION = YES;
				CLANG_WARN_DEPRECATED_OBJC_IMPLEMENTATIONS = YES;
				CLANG_WARN_DIRECT_OBJC_ISA_USAGE = YES_ERROR;
				CLANG_WARN_DOCUMENTATION_COMMENTS = YES;
				CLANG_WARN_EMPTY_BODY = YES;
				CLANG_WARN_ENUM_CONVERSION = YES;
				CLANG_WARN_INFINITE_RECURSION = YES;
				CLANG_WARN_INT_CONVERSION = YES;
				CLANG_WARN_NON_LITERAL_NULL_CONVERSION = YES;
				CLANG_WARN_OBJC_IMPLICIT_RETAIN_SELF = YES;
				CLANG_WARN_OBJC_LITERAL_CONVERSION = YES;
				CLANG_WARN_OBJC_ROOT_CLASS = YES_ERROR;
				CLANG_WARN_QUOTED_INCLUDE_IN_FRAMEWORK_HEADER = YES;
				CLANG_WARN_RANGE_LOOP_ANALYSIS = YES;
				CLANG_WARN_STRICT_PROTOTYPES = YES;
				CLANG_WARN_SUSPICIOUS_MOVE = YES;
				CLANG_WARN_UNGUARDED_AVAILABILITY = YES_AGGRESSIVE;
				CLANG_WARN_UNREACHABLE_CODE = YES;
				CLANG_WARN__DUPLICATE_METHOD_MATCH = YES;
				COPY_PHASE_STRIP = NO;
				DEBUG_INFORMATION_FORMAT = "dwarf-with-dsym";
				ENABLE_NS_ASSERTIONS = NO;
				ENABLE_STRICT_OBJC_MSGSEND = YES;
				GCC_C_LANGUAGE_STANDARD = gnu11;
				GCC_NO_COMMON_BLOCKS = YES;
				GCC_WARN_64_TO_32_BIT_CONVERSION = YES;
				GCC_WARN_ABOUT_RETURN_TYPE = YES_ERROR;
				GCC_WARN_UNDECLARED_SELECTOR = YES;
				GCC_WARN_UNINITIALIZED_AUTOS = YES_AGGRESSIVE;
				GCC_WARN_UNUSED_FUNCTION = YES;
				GCC_WARN_UNUSED_VARIABLE = YES;
				IPHONEOS_DEPLOYMENT_TARGET = 16.4;
				MTL_ENABLE_DEBUG_INFO = NO;
				MTL_FAST_MATH = YES;
				SDKROOT = iphoneos;
				SWIFT_COMPILATION_MODE = wholemodule;
				SWIFT_OPTIMIZATION_LEVEL = "-O";
				VALIDATE_PRODUCT = YES;
			};
			name = Release;
		};
		3BB8BF522A922A4500DF8FE2 /* Debug */ = {
			isa = XCBuildConfiguration;
			buildSettings = {
				ASSETCATALOG_COMPILER_APPICON_NAME = AppIcon;
				ASSETCATALOG_COMPILER_GLOBAL_ACCENT_COLOR_NAME = AccentColor;
				CODE_SIGN_STYLE = Automatic;
				CURRENT_PROJECT_VERSION = 1;
				DEVELOPMENT_TEAM = J2T55ML92H;
				GENERATE_INFOPLIST_FILE = YES;
				INFOPLIST_FILE = layoutpractice/Info.plist;
				INFOPLIST_KEY_UIApplicationSupportsIndirectInputEvents = YES;
				INFOPLIST_KEY_UILaunchStoryboardName = LaunchScreen;
				INFOPLIST_KEY_UIMainStoryboardFile = Main;
				INFOPLIST_KEY_UISupportedInterfaceOrientations_iPad = "UIInterfaceOrientationPortrait UIInterfaceOrientationPortraitUpsideDown UIInterfaceOrientationLandscapeLeft UIInterfaceOrientationLandscapeRight";
				INFOPLIST_KEY_UISupportedInterfaceOrientations_iPhone = "UIInterfaceOrientationPortrait UIInterfaceOrientationLandscapeLeft UIInterfaceOrientationLandscapeRight";
				LD_RUNPATH_SEARCH_PATHS = (
					"$(inherited)",
					"@executable_path/Frameworks",
				);
				MARKETING_VERSION = 1.0;
				PRODUCT_BUNDLE_IDENTIFIER = site.tunckankilic.layoutpractice;
				PRODUCT_NAME = "$(TARGET_NAME)";
				SWIFT_EMIT_LOC_STRINGS = YES;
				SWIFT_VERSION = 5.0;
				TARGETED_DEVICE_FAMILY = "1,2";
			};
			name = Debug;
		};
		3BB8BF532A922A4500DF8FE2 /* Release */ = {
			isa = XCBuildConfiguration;
			buildSettings = {
				ASSETCATALOG_COMPILER_APPICON_NAME = AppIcon;
				ASSETCATALOG_COMPILER_GLOBAL_ACCENT_COLOR_NAME = AccentColor;
				CODE_SIGN_STYLE = Automatic;
				CURRENT_PROJECT_VERSION = 1;
				DEVELOPMENT_TEAM = J2T55ML92H;
				GENERATE_INFOPLIST_FILE = YES;
				INFOPLIST_FILE = layoutpractice/Info.plist;
				INFOPLIST_KEY_UIApplicationSupportsIndirectInputEvents = YES;
				INFOPLIST_KEY_UILaunchStoryboardName = LaunchScreen;
				INFOPLIST_KEY_UIMainStoryboardFile = Main;
				INFOPLIST_KEY_UISupportedInterfaceOrientations_iPad = "UIInterfaceOrientationPortrait UIInterfaceOrientationPortraitUpsideDown UIInterfaceOrientationLandscapeLeft UIInterfaceOrientationLandscapeRight";
				INFOPLIST_KEY_UISupportedInterfaceOrientations_iPhone = "UIInterfaceOrientationPortrait UIInterfaceOrientationLandscapeLeft UIInterfaceOrientationLandscapeRight";
				LD_RUNPATH_SEARCH_PATHS = (
					"$(inherited)",
					"@executable_path/Frameworks",
				);
				MARKETING_VERSION = 1.0;
				PRODUCT_BUNDLE_IDENTIFIER = site.tunckankilic.layoutpractice;
				PRODUCT_NAME = "$(TARGET_NAME)";
				SWIFT_EMIT_LOC_STRINGS = YES;
				SWIFT_VERSION = 5.0;
				TARGETED_DEVICE_FAMILY = "1,2";
			};
			name = Release;
		};
		3BB8BF552A922A4500DF8FE2 /* Debug */ = {
			isa = XCBuildConfiguration;
			buildSettings = {
				ALWAYS_EMBED_SWIFT_STANDARD_LIBRARIES = YES;
				BUNDLE_LOADER = "$(TEST_HOST)";
				CODE_SIGN_STYLE = Automatic;
				CURRENT_PROJECT_VERSION = 1;
				DEVELOPMENT_TEAM = J2T55ML92H;
				GENERATE_INFOPLIST_FILE = YES;
				IPHONEOS_DEPLOYMENT_TARGET = 16.4;
				MARKETING_VERSION = 1.0;
				PRODUCT_BUNDLE_IDENTIFIER = site.tunckankilic.layoutpracticeTests;
				PRODUCT_NAME = "$(TARGET_NAME)";
				SWIFT_EMIT_LOC_STRINGS = NO;
				SWIFT_VERSION = 5.0;
				TARGETED_DEVICE_FAMILY = "1,2";
				TEST_HOST = "$(BUILT_PRODUCTS_DIR)/layoutpractice.app/$(BUNDLE_EXECUTABLE_FOLDER_PATH)/layoutpractice";
			};
			name = Debug;
		};
		3BB8BF562A922A4500DF8FE2 /* Release */ = {
			isa = XCBuildConfiguration;
			buildSettings = {
				ALWAYS_EMBED_SWIFT_STANDARD_LIBRARIES = YES;
				BUNDLE_LOADER = "$(TEST_HOST)";
				CODE_SIGN_STYLE = Automatic;
				CURRENT_PROJECT_VERSION = 1;
				DEVELOPMENT_TEAM = J2T55ML92H;
				GENERATE_INFOPLIST_FILE = YES;
				IPHONEOS_DEPLOYMENT_TARGET = 16.4;
				MARKETING_VERSION = 1.0;
				PRODUCT_BUNDLE_IDENTIFIER = site.tunckankilic.layoutpracticeTests;
				PRODUCT_NAME = "$(TARGET_NAME)";
				SWIFT_EMIT_LOC_STRINGS = NO;
				SWIFT_VERSION = 5.0;
				TARGETED_DEVICE_FAMILY = "1,2";
				TEST_HOST = "$(BUILT_PRODUCTS_DIR)/layoutpractice.app/$(BUNDLE_EXECUTABLE_FOLDER_PATH)/layoutpractice";
			};
			name = Release;
		};
		3BB8BF582A922A4500DF8FE2 /* Debug */ = {
			isa = XCBuildConfiguration;
			buildSettings = {
				ALWAYS_EMBED_SWIFT_STANDARD_LIBRARIES = YES;
				CODE_SIGN_STYLE = Automatic;
				CURRENT_PROJECT_VERSION = 1;
				DEVELOPMENT_TEAM = J2T55ML92H;
				GENERATE_INFOPLIST_FILE = YES;
				MARKETING_VERSION = 1.0;
				PRODUCT_BUNDLE_IDENTIFIER = site.tunckankilic.layoutpracticeUITests;
				PRODUCT_NAME = "$(TARGET_NAME)";
				SWIFT_EMIT_LOC_STRINGS = NO;
				SWIFT_VERSION = 5.0;
				TARGETED_DEVICE_FAMILY = "1,2";
				TEST_TARGET_NAME = layoutpractice;
			};
			name = Debug;
		};
		3BB8BF592A922A4500DF8FE2 /* Release */ = {
			isa = XCBuildConfiguration;
			buildSettings = {
				ALWAYS_EMBED_SWIFT_STANDARD_LIBRARIES = YES;
				CODE_SIGN_STYLE = Automatic;
				CURRENT_PROJECT_VERSION = 1;
				DEVELOPMENT_TEAM = J2T55ML92H;
				GENERATE_INFOPLIST_FILE = YES;
				MARKETING_VERSION = 1.0;
				PRODUCT_BUNDLE_IDENTIFIER = site.tunckankilic.layoutpracticeUITests;
				PRODUCT_NAME = "$(TARGET_NAME)";
				SWIFT_EMIT_LOC_STRINGS = NO;
				SWIFT_VERSION = 5.0;
				TARGETED_DEVICE_FAMILY = "1,2";
				TEST_TARGET_NAME = layoutpractice;
			};
			name = Release;
		};
/* End XCBuildConfiguration section */

/* Begin XCConfigurationList section */
		3BB8BF222A922A4300DF8FE2 /* Build configuration list for PBXProject "layoutpractice" */ = {
			isa = XCConfigurationList;
			buildConfigurations = (
				3BB8BF4F2A922A4500DF8FE2 /* Debug */,
				3BB8BF502A922A4500DF8FE2 /* Release */,
			);
			defaultConfigurationIsVisible = 0;
			defaultConfigurationName = Release;
		};
		3BB8BF512A922A4500DF8FE2 /* Build configuration list for PBXNativeTarget "layoutpractice" */ = {
			isa = XCConfigurationList;
			buildConfigurations = (
				3BB8BF522A922A4500DF8FE2 /* Debug */,
				3BB8BF532A922A4500DF8FE2 /* Release */,
			);
			defaultConfigurationIsVisible = 0;
			defaultConfigurationName = Release;
		};
		3BB8BF542A922A4500DF8FE2 /* Build configuration list for PBXNativeTarget "layoutpracticeTests" */ = {
			isa = XCConfigurationList;
			buildConfigurations = (
				3BB8BF552A922A4500DF8FE2 /* Debug */,
				3BB8BF562A922A4500DF8FE2 /* Release */,
			);
			defaultConfigurationIsVisible = 0;
			defaultConfigurationName = Release;
		};
		3BB8BF572A922A4500DF8FE2 /* Build configuration list for PBXNativeTarget "layoutpracticeUITests" */ = {
			isa = XCConfigurationList;
			buildConfigurations = (
				3BB8BF582A922A4500DF8FE2 /* Debug */,
				3BB8BF592A922A4500DF8FE2 /* Release */,
			);
			defaultConfigurationIsVisible = 0;
			defaultConfigurationName = Release;
		};
/* End XCConfigurationList section */
	};
	rootObject = 3BB8BF1F2A922A4300DF8FE2 /* Project object */;
}
