// !$*UTF8*$!
{
	archiveVersion = 1;
	classes = {
	};
	objectVersion = 56;
	objects = {

/* Begin PBXBuildFile section */
		3B41EB012A93C700003FF4A1 /* AppDelegate.swift in Sources */ = {isa = PBXBuildFile; fileRef = 3B41EB002A93C700003FF4A1 /* AppDelegate.swift */; };
		3B41EB032A93C700003FF4A1 /* SceneDelegate.swift in Sources */ = {isa = PBXBuildFile; fileRef = 3B41EB022A93C700003FF4A1 /* SceneDelegate.swift */; };
		3B41EB052A93C700003FF4A1 /* ViewController.swift in Sources */ = {isa = PBXBuildFile; fileRef = 3B41EB042A93C700003FF4A1 /* ViewController.swift */; };
		3B41EB082A93C700003FF4A1 /* Main.storyboard in Resources */ = {isa = PBXBuildFile; fileRef = 3B41EB062A93C700003FF4A1 /* Main.storyboard */; };
		3B41EB0A2A93C700003FF4A1 /* Assets.xcassets in Resources */ = {isa = PBXBuildFile; fileRef = 3B41EB092A93C700003FF4A1 /* Assets.xcassets */; };
		3B41EB0D2A93C700003FF4A1 /* LaunchScreen.storyboard in Resources */ = {isa = PBXBuildFile; fileRef = 3B41EB0B2A93C700003FF4A1 /* LaunchScreen.storyboard */; };
		3B41EB182A93C701003FF4A1 /* gesturedetectorsTests.swift in Sources */ = {isa = PBXBuildFile; fileRef = 3B41EB172A93C701003FF4A1 /* gesturedetectorsTests.swift */; };
		3B41EB222A93C701003FF4A1 /* gesturedetectorsUITests.swift in Sources */ = {isa = PBXBuildFile; fileRef = 3B41EB212A93C701003FF4A1 /* gesturedetectorsUITests.swift */; };
		3B41EB242A93C701003FF4A1 /* gesturedetectorsUITestsLaunchTests.swift in Sources */ = {isa = PBXBuildFile; fileRef = 3B41EB232A93C701003FF4A1 /* gesturedetectorsUITestsLaunchTests.swift */; };
/* End PBXBuildFile section */

/* Begin PBXContainerItemProxy section */
		3B41EB142A93C701003FF4A1 /* PBXContainerItemProxy */ = {
			isa = PBXContainerItemProxy;
			containerPortal = 3B41EAF52A93C6FF003FF4A1 /* Project object */;
			proxyType = 1;
			remoteGlobalIDString = 3B41EAFC2A93C700003FF4A1;
			remoteInfo = gesturedetectors;
		};
		3B41EB1E2A93C701003FF4A1 /* PBXContainerItemProxy */ = {
			isa = PBXContainerItemProxy;
			containerPortal = 3B41EAF52A93C6FF003FF4A1 /* Project object */;
			proxyType = 1;
			remoteGlobalIDString = 3B41EAFC2A93C700003FF4A1;
			remoteInfo = gesturedetectors;
		};
/* End PBXContainerItemProxy section */

/* Begin PBXFileReference section */
		3B41EAFD2A93C700003FF4A1 /* gesturedetectors.app */ = {isa = PBXFileReference; explicitFileType = wrapper.application; includeInIndex = 0; path = gesturedetectors.app; sourceTree = BUILT_PRODUCTS_DIR; };
		3B41EB002A93C700003FF4A1 /* AppDelegate.swift */ = {isa = PBXFileReference; lastKnownFileType = sourcecode.swift; path = AppDelegate.swift; sourceTree = "<group>"; };
		3B41EB022A93C700003FF4A1 /* SceneDelegate.swift */ = {isa = PBXFileReference; lastKnownFileType = sourcecode.swift; path = SceneDelegate.swift; sourceTree = "<group>"; };
		3B41EB042A93C700003FF4A1 /* ViewController.swift */ = {isa = PBXFileReference; lastKnownFileType = sourcecode.swift; path = ViewController.swift; sourceTree = "<group>"; };
		3B41EB072A93C700003FF4A1 /* Base */ = {isa = PBXFileReference; lastKnownFileType = file.storyboard; name = Base; path = Base.lproj/Main.storyboard; sourceTree = "<group>"; };
		3B41EB092A93C700003FF4A1 /* Assets.xcassets */ = {isa = PBXFileReference; lastKnownFileType = folder.assetcatalog; path = Assets.xcassets; sourceTree = "<group>"; };
		3B41EB0C2A93C700003FF4A1 /* Base */ = {isa = PBXFileReference; lastKnownFileType = file.storyboard; name = Base; path = Base.lproj/LaunchScreen.storyboard; sourceTree = "<group>"; };
		3B41EB0E2A93C700003FF4A1 /* Info.plist */ = {isa = PBXFileReference; lastKnownFileType = text.plist.xml; path = Info.plist; sourceTree = "<group>"; };
		3B41EB132A93C701003FF4A1 /* gesturedetectorsTests.xctest */ = {isa = PBXFileReference; explicitFileType = wrapper.cfbundle; includeInIndex = 0; path = gesturedetectorsTests.xctest; sourceTree = BUILT_PRODUCTS_DIR; };
		3B41EB172A93C701003FF4A1 /* gesturedetectorsTests.swift */ = {isa = PBXFileReference; lastKnownFileType = sourcecode.swift; path = gesturedetectorsTests.swift; sourceTree = "<group>"; };
		3B41EB1D2A93C701003FF4A1 /* gesturedetectorsUITests.xctest */ = {isa = PBXFileReference; explicitFileType = wrapper.cfbundle; includeInIndex = 0; path = gesturedetectorsUITests.xctest; sourceTree = BUILT_PRODUCTS_DIR; };
		3B41EB212A93C701003FF4A1 /* gesturedetectorsUITests.swift */ = {isa = PBXFileReference; lastKnownFileType = sourcecode.swift; path = gesturedetectorsUITests.swift; sourceTree = "<group>"; };
		3B41EB232A93C701003FF4A1 /* gesturedetectorsUITestsLaunchTests.swift */ = {isa = PBXFileReference; lastKnownFileType = sourcecode.swift; path = gesturedetectorsUITestsLaunchTests.swift; sourceTree = "<group>"; };
/* End PBXFileReference section */

/* Begin PBXFrameworksBuildPhase section */
		3B41EAFA2A93C700003FF4A1 /* Frameworks */ = {
			isa = PBXFrameworksBuildPhase;
			buildActionMask = 2147483647;
			files = (
			);
			runOnlyForDeploymentPostprocessing = 0;
		};
		3B41EB102A93C701003FF4A1 /* Frameworks */ = {
			isa = PBXFrameworksBuildPhase;
			buildActionMask = 2147483647;
			files = (
			);
			runOnlyForDeploymentPostprocessing = 0;
		};
		3B41EB1A2A93C701003FF4A1 /* Frameworks */ = {
			isa = PBXFrameworksBuildPhase;
			buildActionMask = 2147483647;
			files = (
			);
			runOnlyForDeploymentPostprocessing = 0;
		};
/* End PBXFrameworksBuildPhase section */

/* Begin PBXGroup section */
		3B41EAF42A93C6FF003FF4A1 = {
			isa = PBXGroup;
			children = (
				3B41EAFF2A93C700003FF4A1 /* gesturedetectors */,
				3B41EB162A93C701003FF4A1 /* gesturedetectorsTests */,
				3B41EB202A93C701003FF4A1 /* gesturedetectorsUITests */,
				3B41EAFE2A93C700003FF4A1 /* Products */,
			);
			sourceTree = "<group>";
		};
		3B41EAFE2A93C700003FF4A1 /* Products */ = {
			isa = PBXGroup;
			children = (
				3B41EAFD2A93C700003FF4A1 /* gesturedetectors.app */,
				3B41EB132A93C701003FF4A1 /* gesturedetectorsTests.xctest */,
				3B41EB1D2A93C701003FF4A1 /* gesturedetectorsUITests.xctest */,
			);
			name = Products;
			sourceTree = "<group>";
		};
		3B41EAFF2A93C700003FF4A1 /* gesturedetectors */ = {
			isa = PBXGroup;
			children = (
				3B41EB002A93C700003FF4A1 /* AppDelegate.swift */,
				3B41EB022A93C700003FF4A1 /* SceneDelegate.swift */,
				3B41EB042A93C700003FF4A1 /* ViewController.swift */,
				3B41EB062A93C700003FF4A1 /* Main.storyboard */,
				3B41EB092A93C700003FF4A1 /* Assets.xcassets */,
				3B41EB0B2A93C700003FF4A1 /* LaunchScreen.storyboard */,
				3B41EB0E2A93C700003FF4A1 /* Info.plist */,
			);
			path = gesturedetectors;
			sourceTree = "<group>";
		};
		3B41EB162A93C701003FF4A1 /* gesturedetectorsTests */ = {
			isa = PBXGroup;
			children = (
				3B41EB172A93C701003FF4A1 /* gesturedetectorsTests.swift */,
			);
			path = gesturedetectorsTests;
			sourceTree = "<group>";
		};
		3B41EB202A93C701003FF4A1 /* gesturedetectorsUITests */ = {
			isa = PBXGroup;
			children = (
				3B41EB212A93C701003FF4A1 /* gesturedetectorsUITests.swift */,
				3B41EB232A93C701003FF4A1 /* gesturedetectorsUITestsLaunchTests.swift */,
			);
			path = gesturedetectorsUITests;
			sourceTree = "<group>";
		};
/* End PBXGroup section */

/* Begin PBXNativeTarget section */
		3B41EAFC2A93C700003FF4A1 /* gesturedetectors */ = {
			isa = PBXNativeTarget;
			buildConfigurationList = 3B41EB272A93C701003FF4A1 /* Build configuration list for PBXNativeTarget "gesturedetectors" */;
			buildPhases = (
				3B41EAF92A93C700003FF4A1 /* Sources */,
				3B41EAFA2A93C700003FF4A1 /* Frameworks */,
				3B41EAFB2A93C700003FF4A1 /* Resources */,
			);
			buildRules = (
			);
			dependencies = (
			);
			name = gesturedetectors;
			productName = gesturedetectors;
			productReference = 3B41EAFD2A93C700003FF4A1 /* gesturedetectors.app */;
			productType = "com.apple.product-type.application";
		};
		3B41EB122A93C701003FF4A1 /* gesturedetectorsTests */ = {
			isa = PBXNativeTarget;
			buildConfigurationList = 3B41EB2A2A93C701003FF4A1 /* Build configuration list for PBXNativeTarget "gesturedetectorsTests" */;
			buildPhases = (
				3B41EB0F2A93C701003FF4A1 /* Sources */,
				3B41EB102A93C701003FF4A1 /* Frameworks */,
				3B41EB112A93C701003FF4A1 /* Resources */,
			);
			buildRules = (
			);
			dependencies = (
				3B41EB152A93C701003FF4A1 /* PBXTargetDependency */,
			);
			name = gesturedetectorsTests;
			productName = gesturedetectorsTests;
			productReference = 3B41EB132A93C701003FF4A1 /* gesturedetectorsTests.xctest */;
			productType = "com.apple.product-type.bundle.unit-test";
		};
		3B41EB1C2A93C701003FF4A1 /* gesturedetectorsUITests */ = {
			isa = PBXNativeTarget;
			buildConfigurationList = 3B41EB2D2A93C701003FF4A1 /* Build configuration list for PBXNativeTarget "gesturedetectorsUITests" */;
			buildPhases = (
				3B41EB192A93C701003FF4A1 /* Sources */,
				3B41EB1A2A93C701003FF4A1 /* Frameworks */,
				3B41EB1B2A93C701003FF4A1 /* Resources */,
			);
			buildRules = (
			);
			dependencies = (
				3B41EB1F2A93C701003FF4A1 /* PBXTargetDependency */,
			);
			name = gesturedetectorsUITests;
			productName = gesturedetectorsUITests;
			productReference = 3B41EB1D2A93C701003FF4A1 /* gesturedetectorsUITests.xctest */;
			productType = "com.apple.product-type.bundle.ui-testing";
		};
/* End PBXNativeTarget section */

/* Begin PBXProject section */
		3B41EAF52A93C6FF003FF4A1 /* Project object */ = {
			isa = PBXProject;
			attributes = {
				BuildIndependentTargetsInParallel = 1;
				LastSwiftUpdateCheck = 1430;
				LastUpgradeCheck = 1430;
				TargetAttributes = {
					3B41EAFC2A93C700003FF4A1 = {
						CreatedOnToolsVersion = 14.3.1;
					};
					3B41EB122A93C701003FF4A1 = {
						CreatedOnToolsVersion = 14.3.1;
						TestTargetID = 3B41EAFC2A93C700003FF4A1;
					};
					3B41EB1C2A93C701003FF4A1 = {
						CreatedOnToolsVersion = 14.3.1;
						TestTargetID = 3B41EAFC2A93C700003FF4A1;
					};
				};
			};
			buildConfigurationList = 3B41EAF82A93C6FF003FF4A1 /* Build configuration list for PBXProject "gesturedetectors" */;
			compatibilityVersion = "Xcode 14.0";
			developmentRegion = en;
			hasScannedForEncodings = 0;
			knownRegions = (
				en,
				Base,
			);
			mainGroup = 3B41EAF42A93C6FF003FF4A1;
			productRefGroup = 3B41EAFE2A93C700003FF4A1 /* Products */;
			projectDirPath = "";
			projectRoot = "";
			targets = (
				3B41EAFC2A93C700003FF4A1 /* gesturedetectors */,
				3B41EB122A93C701003FF4A1 /* gesturedetectorsTests */,
				3B41EB1C2A93C701003FF4A1 /* gesturedetectorsUITests */,
			);
		};
/* End PBXProject section */

/* Begin PBXResourcesBuildPhase section */
		3B41EAFB2A93C700003FF4A1 /* Resources */ = {
			isa = PBXResourcesBuildPhase;
			buildActionMask = 2147483647;
			files = (
				3B41EB0D2A93C700003FF4A1 /* LaunchScreen.storyboard in Resources */,
				3B41EB0A2A93C700003FF4A1 /* Assets.xcassets in Resources */,
				3B41EB082A93C700003FF4A1 /* Main.storyboard in Resources */,
			);
			runOnlyForDeploymentPostprocessing = 0;
		};
		3B41EB112A93C701003FF4A1 /* Resources */ = {
			isa = PBXResourcesBuildPhase;
			buildActionMask = 2147483647;
			files = (
			);
			runOnlyForDeploymentPostprocessing = 0;
		};
		3B41EB1B2A93C701003FF4A1 /* Resources */ = {
			isa = PBXResourcesBuildPhase;
			buildActionMask = 2147483647;
			files = (
			);
			runOnlyForDeploymentPostprocessing = 0;
		};
/* End PBXResourcesBuildPhase section */

/* Begin PBXSourcesBuildPhase section */
		3B41EAF92A93C700003FF4A1 /* Sources */ = {
			isa = PBXSourcesBuildPhase;
			buildActionMask = 2147483647;
			files = (
				3B41EB052A93C700003FF4A1 /* ViewController.swift in Sources */,
				3B41EB012A93C700003FF4A1 /* AppDelegate.swift in Sources */,
				3B41EB032A93C700003FF4A1 /* SceneDelegate.swift in Sources */,
			);
			runOnlyForDeploymentPostprocessing = 0;
		};
		3B41EB0F2A93C701003FF4A1 /* Sources */ = {
			isa = PBXSourcesBuildPhase;
			buildActionMask = 2147483647;
			files = (
				3B41EB182A93C701003FF4A1 /* gesturedetectorsTests.swift in Sources */,
			);
			runOnlyForDeploymentPostprocessing = 0;
		};
		3B41EB192A93C701003FF4A1 /* Sources */ = {
			isa = PBXSourcesBuildPhase;
			buildActionMask = 2147483647;
			files = (
				3B41EB242A93C701003FF4A1 /* gesturedetectorsUITestsLaunchTests.swift in Sources */,
				3B41EB222A93C701003FF4A1 /* gesturedetectorsUITests.swift in Sources */,
			);
			runOnlyForDeploymentPostprocessing = 0;
		};
/* End PBXSourcesBuildPhase section */

/* Begin PBXTargetDependency section */
		3B41EB152A93C701003FF4A1 /* PBXTargetDependency */ = {
			isa = PBXTargetDependency;
			target = 3B41EAFC2A93C700003FF4A1 /* gesturedetectors */;
			targetProxy = 3B41EB142A93C701003FF4A1 /* PBXContainerItemProxy */;
		};
		3B41EB1F2A93C701003FF4A1 /* PBXTargetDependency */ = {
			isa = PBXTargetDependency;
			target = 3B41EAFC2A93C700003FF4A1 /* gesturedetectors */;
			targetProxy = 3B41EB1E2A93C701003FF4A1 /* PBXContainerItemProxy */;
		};
/* End PBXTargetDependency section */

/* Begin PBXVariantGroup section */
		3B41EB062A93C700003FF4A1 /* Main.storyboard */ = {
			isa = PBXVariantGroup;
			children = (
				3B41EB072A93C700003FF4A1 /* Base */,
			);
			name = Main.storyboard;
			sourceTree = "<group>";
		};
		3B41EB0B2A93C700003FF4A1 /* LaunchScreen.storyboard */ = {
			isa = PBXVariantGroup;
			children = (
				3B41EB0C2A93C700003FF4A1 /* Base */,
			);
			name = LaunchScreen.storyboard;
			sourceTree = "<group>";
		};
/* End PBXVariantGroup section */

/* Begin XCBuildConfiguration section */
		3B41EB252A93C701003FF4A1 /* Debug */ = {
			isa = XCBuildConfiguration;
			buildSettings = {
				ALWAYS_SEARCH_USER_PATHS = NO;
				CLANG_ANALYZER_NONNULL = YES;
				CLANG_ANALYZER_NUMBER_OBJECT_CONVERSION = YES_AGGRESSIVE;
				CLANG_CXX_LANGUAGE_STANDARD = "gnu++20";
				CLANG_ENABLE_MODULES = YES;
				CLANG_ENABLE_OBJC_ARC = YES;
				CLANG_ENABLE_OBJC_WEAK = YES;
				CLANG_WARN_BLOCK_CAPTURE_AUTORELEASING = YES;
				CLANG_WARN_BOOL_CONVERSION = YES;
				CLANG_WARN_COMMA = YES;
				CLANG_WARN_CONSTANT_CONVERSION = YES;
				CLANG_WARN_DEPRECATED_OBJC_IMPLEMENTATIONS = YES;
				CLANG_WARN_DIRECT_OBJC_ISA_USAGE = YES_ERROR;
				CLANG_WARN_DOCUMENTATION_COMMENTS = YES;
				CLANG_WARN_EMPTY_BODY = YES;
				CLANG_WARN_ENUM_CONVERSION = YES;
				CLANG_WARN_INFINITE_RECURSION = YES;
				CLANG_WARN_INT_CONVERSION = YES;
				CLANG_WARN_NON_LITERAL_NULL_CONVERSION = YES;
				CLANG_WARN_OBJC_IMPLICIT_RETAIN_SELF = YES;
				CLANG_WARN_OBJC_LITERAL_CONVERSION = YES;
				CLANG_WARN_OBJC_ROOT_CLASS = YES_ERROR;
				CLANG_WARN_QUOTED_INCLUDE_IN_FRAMEWORK_HEADER = YES;
				CLANG_WARN_RANGE_LOOP_ANALYSIS = YES;
				CLANG_WARN_STRICT_PROTOTYPES = YES;
				CLANG_WARN_SUSPICIOUS_MOVE = YES;
				CLANG_WARN_UNGUARDED_AVAILABILITY = YES_AGGRESSIVE;
				CLANG_WARN_UNREACHABLE_CODE = YES;
				CLANG_WARN__DUPLICATE_METHOD_MATCH = YES;
				COPY_PHASE_STRIP = NO;
				DEBUG_INFORMATION_FORMAT = dwarf;
				ENABLE_STRICT_OBJC_MSGSEND = YES;
				ENABLE_TESTABILITY = YES;
				GCC_C_LANGUAGE_STANDARD = gnu11;
				GCC_DYNAMIC_NO_PIC = NO;
				GCC_NO_COMMON_BLOCKS = YES;
				GCC_OPTIMIZATION_LEVEL = 0;
				GCC_PREPROCESSOR_DEFINITIONS = (
					"DEBUG=1",
					"$(inherited)",
				);
				GCC_WARN_64_TO_32_BIT_CONVERSION = YES;
				GCC_WARN_ABOUT_RETURN_TYPE = YES_ERROR;
				GCC_WARN_UNDECLARED_SELECTOR = YES;
				GCC_WARN_UNINITIALIZED_AUTOS = YES_AGGRESSIVE;
				GCC_WARN_UNUSED_FUNCTION = YES;
				GCC_WARN_UNUSED_VARIABLE = YES;
				IPHONEOS_DEPLOYMENT_TARGET = 16.4;
				MTL_ENABLE_DEBUG_INFO = INCLUDE_SOURCE;
				MTL_FAST_MATH = YES;
				ONLY_ACTIVE_ARCH = YES;
				SDKROOT = iphoneos;
				SWIFT_ACTIVE_COMPILATION_CONDITIONS = DEBUG;
				SWIFT_OPTIMIZATION_LEVEL = "-Onone";
			};
			name = Debug;
		};
		3B41EB262A93C701003FF4A1 /* Release */ = {
			isa = XCBuildConfiguration;
			buildSettings = {
				ALWAYS_SEARCH_USER_PATHS = NO;
				CLANG_ANALYZER_NONNULL = YES;
				CLANG_ANALYZER_NUMBER_OBJECT_CONVERSION = YES_AGGRESSIVE;
				CLANG_CXX_LANGUAGE_STANDARD = "gnu++20";
				CLANG_ENABLE_MODULES = YES;
				CLANG_ENABLE_OBJC_ARC = YES;
				CLANG_ENABLE_OBJC_WEAK = YES;
				CLANG_WARN_BLOCK_CAPTURE_AUTORELEASING = YES;
				CLANG_WARN_BOOL_CONVERSION = YES;
				CLANG_WARN_COMMA = YES;
				CLANG_WARN_CONSTANT_CONVERSION = YES;
				CLANG_WARN_DEPRECATED_OBJC_IMPLEMENTATIONS = YES;
				CLANG_WARN_DIRECT_OBJC_ISA_USAGE = YES_ERROR;
				CLANG_WARN_DOCUMENTATION_COMMENTS = YES;
				CLANG_WARN_EMPTY_BODY = YES;
				CLANG_WARN_ENUM_CONVERSION = YES;
				CLANG_WARN_INFINITE_RECURSION = YES;
				CLANG_WARN_INT_CONVERSION = YES;
				CLANG_WARN_NON_LITERAL_NULL_CONVERSION = YES;
				CLANG_WARN_OBJC_IMPLICIT_RETAIN_SELF = YES;
				CLANG_WARN_OBJC_LITERAL_CONVERSION = YES;
				CLANG_WARN_OBJC_ROOT_CLASS = YES_ERROR;
				CLANG_WARN_QUOTED_INCLUDE_IN_FRAMEWORK_HEADER = YES;
				CLANG_WARN_RANGE_LOOP_ANALYSIS = YES;
				CLANG_WARN_STRICT_PROTOTYPES = YES;
				CLANG_WARN_SUSPICIOUS_MOVE = YES;
				CLANG_WARN_UNGUARDED_AVAILABILITY = YES_AGGRESSIVE;
				CLANG_WARN_UNREACHABLE_CODE = YES;
				CLANG_WARN__DUPLICATE_METHOD_MATCH = YES;
				COPY_PHASE_STRIP = NO;
				DEBUG_INFORMATION_FORMAT = "dwarf-with-dsym";
				ENABLE_NS_ASSERTIONS = NO;
				ENABLE_STRICT_OBJC_MSGSEND = YES;
				GCC_C_LANGUAGE_STANDARD = gnu11;
				GCC_NO_COMMON_BLOCKS = YES;
				GCC_WARN_64_TO_32_BIT_CONVERSION = YES;
				GCC_WARN_ABOUT_RETURN_TYPE = YES_ERROR;
				GCC_WARN_UNDECLARED_SELECTOR = YES;
				GCC_WARN_UNINITIALIZED_AUTOS = YES_AGGRESSIVE;
				GCC_WARN_UNUSED_FUNCTION = YES;
				GCC_WARN_UNUSED_VARIABLE = YES;
				IPHONEOS_DEPLOYMENT_TARGET = 16.4;
				MTL_ENABLE_DEBUG_INFO = NO;
				MTL_FAST_MATH = YES;
				SDKROOT = iphoneos;
				SWIFT_COMPILATION_MODE = wholemodule;
				SWIFT_OPTIMIZATION_LEVEL = "-O";
				VALIDATE_PRODUCT = YES;
			};
			name = Release;
		};
		3B41EB282A93C701003FF4A1 /* Debug */ = {
			isa = XCBuildConfiguration;
			buildSettings = {
				ASSETCATALOG_COMPILER_APPICON_NAME = AppIcon;
				ASSETCATALOG_COMPILER_GLOBAL_ACCENT_COLOR_NAME = AccentColor;
				CODE_SIGN_STYLE = Automatic;
				CURRENT_PROJECT_VERSION = 1;
				DEVELOPMENT_TEAM = J2T55ML92H;
				GENERATE_INFOPLIST_FILE = YES;
				INFOPLIST_FILE = gesturedetectors/Info.plist;
				INFOPLIST_KEY_UIApplicationSupportsIndirectInputEvents = YES;
				INFOPLIST_KEY_UILaunchStoryboardName = LaunchScreen;
				INFOPLIST_KEY_UIMainStoryboardFile = Main;
				INFOPLIST_KEY_UISupportedInterfaceOrientations_iPad = "UIInterfaceOrientationPortrait UIInterfaceOrientationPortraitUpsideDown UIInterfaceOrientationLandscapeLeft UIInterfaceOrientationLandscapeRight";
				INFOPLIST_KEY_UISupportedInterfaceOrientations_iPhone = "UIInterfaceOrientationPortrait UIInterfaceOrientationLandscapeLeft UIInterfaceOrientationLandscapeRight";
				LD_RUNPATH_SEARCH_PATHS = (
					"$(inherited)",
					"@executable_path/Frameworks",
				);
				MARKETING_VERSION = 1.0;
				PRODUCT_BUNDLE_IDENTIFIER = site.tunckankilic.gesturedetectors;
				PRODUCT_NAME = "$(TARGET_NAME)";
				SWIFT_EMIT_LOC_STRINGS = YES;
				SWIFT_VERSION = 5.0;
				TARGETED_DEVICE_FAMILY = "1,2";
			};
			name = Debug;
		};
		3B41EB292A93C701003FF4A1 /* Release */ = {
			isa = XCBuildConfiguration;
			buildSettings = {
				ASSETCATALOG_COMPILER_APPICON_NAME = AppIcon;
				ASSETCATALOG_COMPILER_GLOBAL_ACCENT_COLOR_NAME = AccentColor;
				CODE_SIGN_STYLE = Automatic;
				CURRENT_PROJECT_VERSION = 1;
				DEVELOPMENT_TEAM = J2T55ML92H;
				GENERATE_INFOPLIST_FILE = YES;
				INFOPLIST_FILE = gesturedetectors/Info.plist;
				INFOPLIST_KEY_UIApplicationSupportsIndirectInputEvents = YES;
				INFOPLIST_KEY_UILaunchStoryboardName = LaunchScreen;
				INFOPLIST_KEY_UIMainStoryboardFile = Main;
				INFOPLIST_KEY_UISupportedInterfaceOrientations_iPad = "UIInterfaceOrientationPortrait UIInterfaceOrientationPortraitUpsideDown UIInterfaceOrientationLandscapeLeft UIInterfaceOrientationLandscapeRight";
				INFOPLIST_KEY_UISupportedInterfaceOrientations_iPhone = "UIInterfaceOrientationPortrait UIInterfaceOrientationLandscapeLeft UIInterfaceOrientationLandscapeRight";
				LD_RUNPATH_SEARCH_PATHS = (
					"$(inherited)",
					"@executable_path/Frameworks",
				);
				MARKETING_VERSION = 1.0;
				PRODUCT_BUNDLE_IDENTIFIER = site.tunckankilic.gesturedetectors;
				PRODUCT_NAME = "$(TARGET_NAME)";
				SWIFT_EMIT_LOC_STRINGS = YES;
				SWIFT_VERSION = 5.0;
				TARGETED_DEVICE_FAMILY = "1,2";
			};
			name = Release;
		};
		3B41EB2B2A93C701003FF4A1 /* Debug */ = {
			isa = XCBuildConfiguration;
			buildSettings = {
				ALWAYS_EMBED_SWIFT_STANDARD_LIBRARIES = YES;
				BUNDLE_LOADER = "$(TEST_HOST)";
				CODE_SIGN_STYLE = Automatic;
				CURRENT_PROJECT_VERSION = 1;
				DEVELOPMENT_TEAM = J2T55ML92H;
				GENERATE_INFOPLIST_FILE = YES;
				IPHONEOS_DEPLOYMENT_TARGET = 16.4;
				MARKETING_VERSION = 1.0;
				PRODUCT_BUNDLE_IDENTIFIER = site.tunckankilic.gesturedetectorsTests;
				PRODUCT_NAME = "$(TARGET_NAME)";
				SWIFT_EMIT_LOC_STRINGS = NO;
				SWIFT_VERSION = 5.0;
				TARGETED_DEVICE_FAMILY = "1,2";
				TEST_HOST = "$(BUILT_PRODUCTS_DIR)/gesturedetectors.app/$(BUNDLE_EXECUTABLE_FOLDER_PATH)/gesturedetectors";
			};
			name = Debug;
		};
		3B41EB2C2A93C701003FF4A1 /* Release */ = {
			isa = XCBuildConfiguration;
			buildSettings = {
				ALWAYS_EMBED_SWIFT_STANDARD_LIBRARIES = YES;
				BUNDLE_LOADER = "$(TEST_HOST)";
				CODE_SIGN_STYLE = Automatic;
				CURRENT_PROJECT_VERSION = 1;
				DEVELOPMENT_TEAM = J2T55ML92H;
				GENERATE_INFOPLIST_FILE = YES;
				IPHONEOS_DEPLOYMENT_TARGET = 16.4;
				MARKETING_VERSION = 1.0;
				PRODUCT_BUNDLE_IDENTIFIER = site.tunckankilic.gesturedetectorsTests;
				PRODUCT_NAME = "$(TARGET_NAME)";
				SWIFT_EMIT_LOC_STRINGS = NO;
				SWIFT_VERSION = 5.0;
				TARGETED_DEVICE_FAMILY = "1,2";
				TEST_HOST = "$(BUILT_PRODUCTS_DIR)/gesturedetectors.app/$(BUNDLE_EXECUTABLE_FOLDER_PATH)/gesturedetectors";
			};
			name = Release;
		};
		3B41EB2E2A93C701003FF4A1 /* Debug */ = {
			isa = XCBuildConfiguration;
			buildSettings = {
				ALWAYS_EMBED_SWIFT_STANDARD_LIBRARIES = YES;
				CODE_SIGN_STYLE = Automatic;
				CURRENT_PROJECT_VERSION = 1;
				DEVELOPMENT_TEAM = J2T55ML92H;
				GENERATE_INFOPLIST_FILE = YES;
				MARKETING_VERSION = 1.0;
				PRODUCT_BUNDLE_IDENTIFIER = site.tunckankilic.gesturedetectorsUITests;
				PRODUCT_NAME = "$(TARGET_NAME)";
				SWIFT_EMIT_LOC_STRINGS = NO;
				SWIFT_VERSION = 5.0;
				TARGETED_DEVICE_FAMILY = "1,2";
				TEST_TARGET_NAME = gesturedetectors;
			};
			name = Debug;
		};
		3B41EB2F2A93C701003FF4A1 /* Release */ = {
			isa = XCBuildConfiguration;
			buildSettings = {
				ALWAYS_EMBED_SWIFT_STANDARD_LIBRARIES = YES;
				CODE_SIGN_STYLE = Automatic;
				CURRENT_PROJECT_VERSION = 1;
				DEVELOPMENT_TEAM = J2T55ML92H;
				GENERATE_INFOPLIST_FILE = YES;
				MARKETING_VERSION = 1.0;
				PRODUCT_BUNDLE_IDENTIFIER = site.tunckankilic.gesturedetectorsUITests;
				PRODUCT_NAME = "$(TARGET_NAME)";
				SWIFT_EMIT_LOC_STRINGS = NO;
				SWIFT_VERSION = 5.0;
				TARGETED_DEVICE_FAMILY = "1,2";
				TEST_TARGET_NAME = gesturedetectors;
			};
			name = Release;
		};
/* End XCBuildConfiguration section */

/* Begin XCConfigurationList section */
		3B41EAF82A93C6FF003FF4A1 /* Build configuration list for PBXProject "gesturedetectors" */ = {
			isa = XCConfigurationList;
			buildConfigurations = (
				3B41EB252A93C701003FF4A1 /* Debug */,
				3B41EB262A93C701003FF4A1 /* Release */,
			);
			defaultConfigurationIsVisible = 0;
			defaultConfigurationName = Release;
		};
		3B41EB272A93C701003FF4A1 /* Build configuration list for PBXNativeTarget "gesturedetectors" */ = {
			isa = XCConfigurationList;
			buildConfigurations = (
				3B41EB282A93C701003FF4A1 /* Debug */,
				3B41EB292A93C701003FF4A1 /* Release */,
			);
			defaultConfigurationIsVisible = 0;
			defaultConfigurationName = Release;
		};
		3B41EB2A2A93C701003FF4A1 /* Build configuration list for PBXNativeTarget "gesturedetectorsTests" */ = {
			isa = XCConfigurationList;
			buildConfigurations = (
				3B41EB2B2A93C701003FF4A1 /* Debug */,
				3B41EB2C2A93C701003FF4A1 /* Release */,
			);
			defaultConfigurationIsVisible = 0;
			defaultConfigurationName = Release;
		};
		3B41EB2D2A93C701003FF4A1 /* Build configuration list for PBXNativeTarget "gesturedetectorsUITests" */ = {
			isa = XCConfigurationList;
			buildConfigurations = (
				3B41EB2E2A93C701003FF4A1 /* Debug */,
				3B41EB2F2A93C701003FF4A1 /* Release */,
			);
			defaultConfigurationIsVisible = 0;
			defaultConfigurationName = Release;
		};
/* End XCConfigurationList section */
	};
	rootObject = 3B41EAF52A93C6FF003FF4A1 /* Project object */;
}
